// !$*UTF8*$!
{
	archiveVersion = 1;
	classes = {
	};
	objectVersion = 45;
	objects = {

/* Begin PBXBuildFile section */
		1D3623260D0F684500981E51 /* FeeFactorClientLib_srcAppDelegate.m in Sources */ = {isa = PBXBuildFile; fileRef = 1D3623250D0F684500981E51 /* FeeFactorClientLib_srcAppDelegate.m */; };
		1D60589B0D05DD56006BFB54 /* main.m in Sources */ = {isa = PBXBuildFile; fileRef = 29B97316FDCFA39411CA2CEA /* main.m */; };
		1D60589F0D05DD5A006BFB54 /* Foundation.framework in Frameworks */ = {isa = PBXBuildFile; fileRef = 1D30AB110D05D00D00671497 /* Foundation.framework */; };
		1DF5F4E00D08C38300B7A737 /* UIKit.framework in Frameworks */ = {isa = PBXBuildFile; fileRef = 1DF5F4DF0D08C38300B7A737 /* UIKit.framework */; };
		288765A50DF7441C002DB57D /* CoreGraphics.framework in Frameworks */ = {isa = PBXBuildFile; fileRef = 288765A40DF7441C002DB57D /* CoreGraphics.framework */; };
		2899E5220DE3E06400AC0155 /* FeeFactorClientLib_srcViewController.xib in Resources */ = {isa = PBXBuildFile; fileRef = 2899E5210DE3E06400AC0155 /* FeeFactorClientLib_srcViewController.xib */; };
		28AD733F0D9D9553002E5188 /* MainWindow.xib in Resources */ = {isa = PBXBuildFile; fileRef = 28AD733E0D9D9553002E5188 /* MainWindow.xib */; };
		28D7ACF80DDB3853001CB0EB /* FeeFactorClientLib_srcViewController.m in Sources */ = {isa = PBXBuildFile; fileRef = 28D7ACF70DDB3853001CB0EB /* FeeFactorClientLib_srcViewController.m */; };
		2E0B0854126FE7EE000869A6 /* RestTransport3.m in Sources */ = {isa = PBXBuildFile; fileRef = 2E0B07AF126FE7ED000869A6 /* RestTransport3.m */; };
		2E0B0855126FE7EE000869A6 /* XmlHeaderHelper.m in Sources */ = {isa = PBXBuildFile; fileRef = 2E0B07B1126FE7ED000869A6 /* XmlHeaderHelper.m */; };
		2E0B0856126FE7EE000869A6 /* XmlParser.m in Sources */ = {isa = PBXBuildFile; fileRef = 2E0B07B4126FE7ED000869A6 /* XmlParser.m */; };
		2E0B0857126FE7EE000869A6 /* TypeMapping.m in Sources */ = {isa = PBXBuildFile; fileRef = 2E0B07B6126FE7ED000869A6 /* TypeMapping.m */; };
		2E0B0858126FE7EE000869A6 /* GDataXMLNode.m in Sources */ = {isa = PBXBuildFile; fileRef = 2E0B07B8126FE7ED000869A6 /* GDataXMLNode.m */; };
		2E0B0859126FE7EE000869A6 /* Util.m in Sources */ = {isa = PBXBuildFile; fileRef = 2E0B07BA126FE7ED000869A6 /* Util.m */; };
		2E0B085A126FE7EE000869A6 /* User.m in Sources */ = {isa = PBXBuildFile; fileRef = 2E0B07BE126FE7ED000869A6 /* User.m */; };
		2E0B085B126FE7EE000869A6 /* Profile.m in Sources */ = {isa = PBXBuildFile; fileRef = 2E0B07C0126FE7ED000869A6 /* Profile.m */; };
		2E0B085C126FE7EE000869A6 /* UserQuestion.m in Sources */ = {isa = PBXBuildFile; fileRef = 2E0B07C2126FE7ED000869A6 /* UserQuestion.m */; };
		2E0B085D126FE7EE000869A6 /* UserQuestionSearchResult.m in Sources */ = {isa = PBXBuildFile; fileRef = 2E0B07C4126FE7ED000869A6 /* UserQuestionSearchResult.m */; };
		2E0B085E126FE7EE000869A6 /* Users.m in Sources */ = {isa = PBXBuildFile; fileRef = 2E0B07C6126FE7ED000869A6 /* Users.m */; };
		2E0B085F126FE7EE000869A6 /* UserSearchResult.m in Sources */ = {isa = PBXBuildFile; fileRef = 2E0B07C8126FE7EE000869A6 /* UserSearchResult.m */; };
		2E0B0860126FE7EE000869A6 /* SelfSignUp.m in Sources */ = {isa = PBXBuildFile; fileRef = 2E0B07CA126FE7EE000869A6 /* SelfSignUp.m */; };
		2E0B0861126FE7EE000869A6 /* Image.m in Sources */ = {isa = PBXBuildFile; fileRef = 2E0B07CC126FE7EE000869A6 /* Image.m */; };
		2E0B0862126FE7EE000869A6 /* AccountHistory.m in Sources */ = {isa = PBXBuildFile; fileRef = 2E0B07CF126FE7EE000869A6 /* AccountHistory.m */; };
		2E0B0863126FE7EE000869A6 /* AccountHistorySearchResult.m in Sources */ = {isa = PBXBuildFile; fileRef = 2E0B07D1126FE7EE000869A6 /* AccountHistorySearchResult.m */; };
		2E0B0864126FE7EE000869A6 /* Accounts.m in Sources */ = {isa = PBXBuildFile; fileRef = 2E0B07D3126FE7EE000869A6 /* Accounts.m */; };
		2E0B0865126FE7EE000869A6 /* Account.m in Sources */ = {isa = PBXBuildFile; fileRef = 2E0B07D5126FE7EE000869A6 /* Account.m */; };
		2E0B0866126FE7EE000869A6 /* AccountPlan.m in Sources */ = {isa = PBXBuildFile; fileRef = 2E0B07D7126FE7EE000869A6 /* AccountPlan.m */; };
		2E0B0867126FE7EE000869A6 /* AccountRC.m in Sources */ = {isa = PBXBuildFile; fileRef = 2E0B07D9126FE7EE000869A6 /* AccountRC.m */; };
		2E0B0868126FE7EE000869A6 /* AccountRCActivityLog.m in Sources */ = {isa = PBXBuildFile; fileRef = 2E0B07DB126FE7EE000869A6 /* AccountRCActivityLog.m */; };
		2E0B0869126FE7EE000869A6 /* AccountPlanSearchResult.m in Sources */ = {isa = PBXBuildFile; fileRef = 2E0B07DD126FE7EE000869A6 /* AccountPlanSearchResult.m */; };
		2E0B086A126FE7EE000869A6 /* AccountRCSearchResult.m in Sources */ = {isa = PBXBuildFile; fileRef = 2E0B07DF126FE7EE000869A6 /* AccountRCSearchResult.m */; };
		2E0B086B126FE7EE000869A6 /* AccountRCSetting.m in Sources */ = {isa = PBXBuildFile; fileRef = 2E0B07E1126FE7EE000869A6 /* AccountRCSetting.m */; };
		2E0B086C126FE7EE000869A6 /* AccountSearchResult.m in Sources */ = {isa = PBXBuildFile; fileRef = 2E0B07E3126FE7EE000869A6 /* AccountSearchResult.m */; };
		2E0B086D126FE7EE000869A6 /* AccountDevice.m in Sources */ = {isa = PBXBuildFile; fileRef = 2E0B07E5126FE7EE000869A6 /* AccountDevice.m */; };
		2E0B086E126FE7EE000869A6 /* AccountDeviceSearchResult.m in Sources */ = {isa = PBXBuildFile; fileRef = 2E0B07E7126FE7EE000869A6 /* AccountDeviceSearchResult.m */; };
		2E0B086F126FE7EE000869A6 /* Brands.m in Sources */ = {isa = PBXBuildFile; fileRef = 2E0B07EA126FE7EE000869A6 /* Brands.m */; };
		2E0B0870126FE7EE000869A6 /* CurrencySearchResult.m in Sources */ = {isa = PBXBuildFile; fileRef = 2E0B07EC126FE7EE000869A6 /* CurrencySearchResult.m */; };
		2E0B0871126FE7EE000869A6 /* ExchangeRateSearchResult.m in Sources */ = {isa = PBXBuildFile; fileRef = 2E0B07EE126FE7EE000869A6 /* ExchangeRateSearchResult.m */; };
		2E0B0872126FE7EE000869A6 /* Brand.m in Sources */ = {isa = PBXBuildFile; fileRef = 2E0B07F0126FE7EE000869A6 /* Brand.m */; };
		2E0B0873126FE7EE000869A6 /* Currency.m in Sources */ = {isa = PBXBuildFile; fileRef = 2E0B07F2126FE7EE000869A6 /* Currency.m */; };
		2E0B0874126FE7EE000869A6 /* ExchangeRate.m in Sources */ = {isa = PBXBuildFile; fileRef = 2E0B07F4126FE7EE000869A6 /* ExchangeRate.m */; };
		2E0B0875126FE7EE000869A6 /* BrandProfile.m in Sources */ = {isa = PBXBuildFile; fileRef = 2E0B07F6126FE7EE000869A6 /* BrandProfile.m */; };
		2E0B0876126FE7EE000869A6 /* BrandSearchResult.m in Sources */ = {isa = PBXBuildFile; fileRef = 2E0B07F8126FE7EE000869A6 /* BrandSearchResult.m */; };
		2E0B0877126FE7EE000869A6 /* UserCard.m in Sources */ = {isa = PBXBuildFile; fileRef = 2E0B07FB126FE7EE000869A6 /* UserCard.m */; };
		2E0B0878126FE7EE000869A6 /* UserCardSearchResult.m in Sources */ = {isa = PBXBuildFile; fileRef = 2E0B07FD126FE7EE000869A6 /* UserCardSearchResult.m */; };
		2E0B0879126FE7EE000869A6 /* UserBankAccount.m in Sources */ = {isa = PBXBuildFile; fileRef = 2E0B07FF126FE7EE000869A6 /* UserBankAccount.m */; };
		2E0B087A126FE7EE000869A6 /* UserBankAccountSearchResult.m in Sources */ = {isa = PBXBuildFile; fileRef = 2E0B0801126FE7EE000869A6 /* UserBankAccountSearchResult.m */; };
		2E0B087B126FE7EE000869A6 /* PaymentGateway.m in Sources */ = {isa = PBXBuildFile; fileRef = 2E0B0803126FE7EE000869A6 /* PaymentGateway.m */; };
		2E0B087C126FE7EE000869A6 /* PaymentGatewaySearchResult.m in Sources */ = {isa = PBXBuildFile; fileRef = 2E0B0805126FE7EE000869A6 /* PaymentGatewaySearchResult.m */; };
		2E0B087D126FE7EE000869A6 /* CardTransactionHistory.m in Sources */ = {isa = PBXBuildFile; fileRef = 2E0B0807126FE7EE000869A6 /* CardTransactionHistory.m */; };
		2E0B087E126FE7EE000869A6 /* CardTransactionHistorySearchResult.m in Sources */ = {isa = PBXBuildFile; fileRef = 2E0B0809126FE7EE000869A6 /* CardTransactionHistorySearchResult.m */; };
		2E0B087F126FE7EE000869A6 /* CardPayments.m in Sources */ = {isa = PBXBuildFile; fileRef = 2E0B080B126FE7EE000869A6 /* CardPayments.m */; };
		2E0B0880126FE7EE000869A6 /* UserPaymentAuthorization.m in Sources */ = {isa = PBXBuildFile; fileRef = 2E0B080D126FE7EE000869A6 /* UserPaymentAuthorization.m */; };
		2E0B0881126FE7EE000869A6 /* UserPaymentAuthorizationSearchResult.m in Sources */ = {isa = PBXBuildFile; fileRef = 2E0B080F126FE7EE000869A6 /* UserPaymentAuthorizationSearchResult.m */; };
		2E0B0882126FE7EE000869A6 /* AccountInvoice.m in Sources */ = {isa = PBXBuildFile; fileRef = 2E0B0812126FE7EE000869A6 /* AccountInvoice.m */; };
		2E0B0883126FE7EE000869A6 /* AccountInvoicePayment.m in Sources */ = {isa = PBXBuildFile; fileRef = 2E0B0814126FE7EE000869A6 /* AccountInvoicePayment.m */; };
		2E0B0884126FE7EE000869A6 /* AccountInvoicePaymentSearchResult.m in Sources */ = {isa = PBXBuildFile; fileRef = 2E0B0816126FE7EE000869A6 /* AccountInvoicePaymentSearchResult.m */; };
		2E0B0885126FE7EE000869A6 /* AccountInvoiceSearchResult.m in Sources */ = {isa = PBXBuildFile; fileRef = 2E0B0818126FE7EE000869A6 /* AccountInvoiceSearchResult.m */; };
		2E0B0886126FE7EE000869A6 /* BillingRecord.m in Sources */ = {isa = PBXBuildFile; fileRef = 2E0B081A126FE7EE000869A6 /* BillingRecord.m */; };
		2E0B0887126FE7EE000869A6 /* BillingRecordSearchResult.m in Sources */ = {isa = PBXBuildFile; fileRef = 2E0B081C126FE7EE000869A6 /* BillingRecordSearchResult.m */; };
		2E0B0888126FE7EE000869A6 /* Invoice.m in Sources */ = {isa = PBXBuildFile; fileRef = 2E0B081E126FE7EE000869A6 /* Invoice.m */; };
		2E0B0889126FE7EE000869A6 /* UserPayment.m in Sources */ = {isa = PBXBuildFile; fileRef = 2E0B0820126FE7EE000869A6 /* UserPayment.m */; };
		2E0B088A126FE7EE000869A6 /* UserPaymentSearchResult.m in Sources */ = {isa = PBXBuildFile; fileRef = 2E0B0822126FE7EE000869A6 /* UserPaymentSearchResult.m */; };
		2E0B088B126FE7EE000869A6 /* Plan.m in Sources */ = {isa = PBXBuildFile; fileRef = 2E0B0825126FE7EE000869A6 /* Plan.m */; };
		2E0B088C126FE7EE000869A6 /* PlanRC.m in Sources */ = {isa = PBXBuildFile; fileRef = 2E0B0827126FE7EE000869A6 /* PlanRC.m */; };
		2E0B088D126FE7EE000869A6 /* PlanRCSearchResult.m in Sources */ = {isa = PBXBuildFile; fileRef = 2E0B0829126FE7EE000869A6 /* PlanRCSearchResult.m */; };
		2E0B088E126FE7EE000869A6 /* Plans.m in Sources */ = {isa = PBXBuildFile; fileRef = 2E0B082B126FE7EE000869A6 /* Plans.m */; };
		2E0B088F126FE7EE000869A6 /* PlanSearchResult.m in Sources */ = {isa = PBXBuildFile; fileRef = 2E0B082D126FE7EE000869A6 /* PlanSearchResult.m */; };
		2E0B0890126FE7EE000869A6 /* BrandProduct.m in Sources */ = {isa = PBXBuildFile; fileRef = 2E0B0830126FE7EE000869A6 /* BrandProduct.m */; };
		2E0B0891126FE7EE000869A6 /* BrandProductBaserate.m in Sources */ = {isa = PBXBuildFile; fileRef = 2E0B0832126FE7EE000869A6 /* BrandProductBaserate.m */; };
		2E0B0892126FE7EE000869A6 /* BrandProductBaserateSearchResult.m in Sources */ = {isa = PBXBuildFile; fileRef = 2E0B0834126FE7EE000869A6 /* BrandProductBaserateSearchResult.m */; };
		2E0B0893126FE7EE000869A6 /* BrandProductSchedule.m in Sources */ = {isa = PBXBuildFile; fileRef = 2E0B0836126FE7EE000869A6 /* BrandProductSchedule.m */; };
		2E0B0894126FE7EE000869A6 /* BrandProductScheduleSearchResult.m in Sources */ = {isa = PBXBuildFile; fileRef = 2E0B0838126FE7EE000869A6 /* BrandProductScheduleSearchResult.m */; };
		2E0B0895126FE7EE000869A6 /* BrandProductSearchResult.m in Sources */ = {isa = PBXBuildFile; fileRef = 2E0B083A126FE7EE000869A6 /* BrandProductSearchResult.m */; };
		2E0B0896126FE7EE000869A6 /* BrandService.m in Sources */ = {isa = PBXBuildFile; fileRef = 2E0B083C126FE7EE000869A6 /* BrandService.m */; };
		2E0B0897126FE7EE000869A6 /* BrandServices.m in Sources */ = {isa = PBXBuildFile; fileRef = 2E0B083E126FE7EE000869A6 /* BrandServices.m */; };
		2E0B0898126FE7EE000869A6 /* BrandServiceSearchResult.m in Sources */ = {isa = PBXBuildFile; fileRef = 2E0B0840126FE7EE000869A6 /* BrandServiceSearchResult.m */; };
		2E0B0899126FE7EE000869A6 /* ChargeTypeOperation.m in Sources */ = {isa = PBXBuildFile; fileRef = 2E0B0842126FE7EE000869A6 /* ChargeTypeOperation.m */; };
		2E0B089A126FE7EE000869A6 /* BrandProductPrice.m in Sources */ = {isa = PBXBuildFile; fileRef = 2E0B0844126FE7EE000869A6 /* BrandProductPrice.m */; };
		2E0B089B126FE7EE000869A6 /* BrandProductPlanPrice.m in Sources */ = {isa = PBXBuildFile; fileRef = 2E0B0846126FE7EE000869A6 /* BrandProductPlanPrice.m */; };
		2E0B089C126FE7EE000869A6 /* BrandProductPriceSearchResult.m in Sources */ = {isa = PBXBuildFile; fileRef = 2E0B0848126FE7EE000869A6 /* BrandProductPriceSearchResult.m */; };
		2E0B089D126FE7EE000869A6 /* BrandProductPlanPriceSearchResult.m in Sources */ = {isa = PBXBuildFile; fileRef = 2E0B084A126FE7EE000869A6 /* BrandProductPlanPriceSearchResult.m */; };
		2E0B089E126FE7EE000869A6 /* Transactions.m in Sources */ = {isa = PBXBuildFile; fileRef = 2E0B084D126FE7EE000869A6 /* Transactions.m */; };
		2E0B089F126FE7EE000869A6 /* TransactionDetailRecord.m in Sources */ = {isa = PBXBuildFile; fileRef = 2E0B084F126FE7EE000869A6 /* TransactionDetailRecord.m */; };
		2E0B08A0126FE7EE000869A6 /* TransactionDetailRecordSearchResult.m in Sources */ = {isa = PBXBuildFile; fileRef = 2E0B0851126FE7EE000869A6 /* TransactionDetailRecordSearchResult.m */; };
		2E0B08A1126FE7EE000869A6 /* NetmoboFeefactorModel.m in Sources */ = {isa = PBXBuildFile; fileRef = 2E0B0853126FE7EE000869A6 /* NetmoboFeefactorModel.m */; };
/* End PBXBuildFile section */

/* Begin PBXFileReference section */
		1D30AB110D05D00D00671497 /* Foundation.framework */ = {isa = PBXFileReference; lastKnownFileType = wrapper.framework; name = Foundation.framework; path = System/Library/Frameworks/Foundation.framework; sourceTree = SDKROOT; };
		1D3623240D0F684500981E51 /* FeeFactorClientLib_srcAppDelegate.h */ = {isa = PBXFileReference; fileEncoding = 4; lastKnownFileType = sourcecode.c.h; path = FeeFactorClientLib_srcAppDelegate.h; sourceTree = "<group>"; };
		1D3623250D0F684500981E51 /* FeeFactorClientLib_srcAppDelegate.m */ = {isa = PBXFileReference; fileEncoding = 4; lastKnownFileType = sourcecode.c.objc; path = FeeFactorClientLib_srcAppDelegate.m; sourceTree = "<group>"; };
		1D6058910D05DD3D006BFB54 /* FeeFactorClientLib_src.app */ = {isa = PBXFileReference; explicitFileType = wrapper.application; includeInIndex = 0; path = FeeFactorClientLib_src.app; sourceTree = BUILT_PRODUCTS_DIR; };
		1DF5F4DF0D08C38300B7A737 /* UIKit.framework */ = {isa = PBXFileReference; lastKnownFileType = wrapper.framework; name = UIKit.framework; path = System/Library/Frameworks/UIKit.framework; sourceTree = SDKROOT; };
		288765A40DF7441C002DB57D /* CoreGraphics.framework */ = {isa = PBXFileReference; lastKnownFileType = wrapper.framework; name = CoreGraphics.framework; path = System/Library/Frameworks/CoreGraphics.framework; sourceTree = SDKROOT; };
		2899E5210DE3E06400AC0155 /* FeeFactorClientLib_srcViewController.xib */ = {isa = PBXFileReference; lastKnownFileType = file.xib; path = FeeFactorClientLib_srcViewController.xib; sourceTree = "<group>"; };
		28AD733E0D9D9553002E5188 /* MainWindow.xib */ = {isa = PBXFileReference; lastKnownFileType = file.xib; path = MainWindow.xib; sourceTree = "<group>"; };
		28D7ACF60DDB3853001CB0EB /* FeeFactorClientLib_srcViewController.h */ = {isa = PBXFileReference; fileEncoding = 4; lastKnownFileType = sourcecode.c.h; path = FeeFactorClientLib_srcViewController.h; sourceTree = "<group>"; };
		28D7ACF70DDB3853001CB0EB /* FeeFactorClientLib_srcViewController.m */ = {isa = PBXFileReference; fileEncoding = 4; lastKnownFileType = sourcecode.c.objc; path = FeeFactorClientLib_srcViewController.m; sourceTree = "<group>"; };
		29B97316FDCFA39411CA2CEA /* main.m */ = {isa = PBXFileReference; fileEncoding = 4; lastKnownFileType = sourcecode.c.objc; path = main.m; sourceTree = "<group>"; };
		2E0B07AE126FE7ED000869A6 /* RestTransport3.h */ = {isa = PBXFileReference; fileEncoding = 4; lastKnownFileType = sourcecode.c.h; path = RestTransport3.h; sourceTree = "<group>"; };
		2E0B07AF126FE7ED000869A6 /* RestTransport3.m */ = {isa = PBXFileReference; fileEncoding = 4; lastKnownFileType = sourcecode.c.objc; path = RestTransport3.m; sourceTree = "<group>"; };
		2E0B07B0126FE7ED000869A6 /* XmlHeaderHelper.h */ = {isa = PBXFileReference; fileEncoding = 4; lastKnownFileType = sourcecode.c.h; path = XmlHeaderHelper.h; sourceTree = "<group>"; };
		2E0B07B1126FE7ED000869A6 /* XmlHeaderHelper.m */ = {isa = PBXFileReference; fileEncoding = 4; lastKnownFileType = sourcecode.c.objc; path = XmlHeaderHelper.m; sourceTree = "<group>"; };
		2E0B07B3126FE7ED000869A6 /* XmlParser.h */ = {isa = PBXFileReference; fileEncoding = 4; lastKnownFileType = sourcecode.c.h; path = XmlParser.h; sourceTree = "<group>"; };
		2E0B07B4126FE7ED000869A6 /* XmlParser.m */ = {isa = PBXFileReference; fileEncoding = 4; lastKnownFileType = sourcecode.c.objc; path = XmlParser.m; sourceTree = "<group>"; };
		2E0B07B5126FE7ED000869A6 /* TypeMapping.h */ = {isa = PBXFileReference; fileEncoding = 4; lastKnownFileType = sourcecode.c.h; path = TypeMapping.h; sourceTree = "<group>"; };
		2E0B07B6126FE7ED000869A6 /* TypeMapping.m */ = {isa = PBXFileReference; fileEncoding = 4; lastKnownFileType = sourcecode.c.objc; path = TypeMapping.m; sourceTree = "<group>"; };
		2E0B07B7126FE7ED000869A6 /* GDataXMLNode.h */ = {isa = PBXFileReference; fileEncoding = 4; lastKnownFileType = sourcecode.c.h; path = GDataXMLNode.h; sourceTree = "<group>"; };
		2E0B07B8126FE7ED000869A6 /* GDataXMLNode.m */ = {isa = PBXFileReference; fileEncoding = 4; lastKnownFileType = sourcecode.c.objc; path = GDataXMLNode.m; sourceTree = "<group>"; };
		2E0B07B9126FE7ED000869A6 /* Util.h */ = {isa = PBXFileReference; fileEncoding = 4; lastKnownFileType = sourcecode.c.h; path = Util.h; sourceTree = "<group>"; };
		2E0B07BA126FE7ED000869A6 /* Util.m */ = {isa = PBXFileReference; fileEncoding = 4; lastKnownFileType = sourcecode.c.objc; path = Util.m; sourceTree = "<group>"; };
		2E0B07BD126FE7ED000869A6 /* User.h */ = {isa = PBXFileReference; fileEncoding = 4; lastKnownFileType = sourcecode.c.h; path = User.h; sourceTree = "<group>"; };
		2E0B07BE126FE7ED000869A6 /* User.m */ = {isa = PBXFileReference; fileEncoding = 4; lastKnownFileType = sourcecode.c.objc; path = User.m; sourceTree = "<group>"; };
		2E0B07BF126FE7ED000869A6 /* Profile.h */ = {isa = PBXFileReference; fileEncoding = 4; lastKnownFileType = sourcecode.c.h; path = Profile.h; sourceTree = "<group>"; };
		2E0B07C0126FE7ED000869A6 /* Profile.m */ = {isa = PBXFileReference; fileEncoding = 4; lastKnownFileType = sourcecode.c.objc; path = Profile.m; sourceTree = "<group>"; };
		2E0B07C1126FE7ED000869A6 /* UserQuestion.h */ = {isa = PBXFileReference; fileEncoding = 4; lastKnownFileType = sourcecode.c.h; path = UserQuestion.h; sourceTree = "<group>"; };
		2E0B07C2126FE7ED000869A6 /* UserQuestion.m */ = {isa = PBXFileReference; fileEncoding = 4; lastKnownFileType = sourcecode.c.objc; path = UserQuestion.m; sourceTree = "<group>"; };
		2E0B07C3126FE7ED000869A6 /* UserQuestionSearchResult.h */ = {isa = PBXFileReference; fileEncoding = 4; lastKnownFileType = sourcecode.c.h; path = UserQuestionSearchResult.h; sourceTree = "<group>"; };
		2E0B07C4126FE7ED000869A6 /* UserQuestionSearchResult.m */ = {isa = PBXFileReference; fileEncoding = 4; lastKnownFileType = sourcecode.c.objc; path = UserQuestionSearchResult.m; sourceTree = "<group>"; };
		2E0B07C5126FE7ED000869A6 /* Users.h */ = {isa = PBXFileReference; fileEncoding = 4; lastKnownFileType = sourcecode.c.h; path = Users.h; sourceTree = "<group>"; };
		2E0B07C6126FE7ED000869A6 /* Users.m */ = {isa = PBXFileReference; fileEncoding = 4; lastKnownFileType = sourcecode.c.objc; path = Users.m; sourceTree = "<group>"; };
		2E0B07C7126FE7EE000869A6 /* UserSearchResult.h */ = {isa = PBXFileReference; fileEncoding = 4; lastKnownFileType = sourcecode.c.h; path = UserSearchResult.h; sourceTree = "<group>"; };
		2E0B07C8126FE7EE000869A6 /* UserSearchResult.m */ = {isa = PBXFileReference; fileEncoding = 4; lastKnownFileType = sourcecode.c.objc; path = UserSearchResult.m; sourceTree = "<group>"; };
		2E0B07C9126FE7EE000869A6 /* SelfSignUp.h */ = {isa = PBXFileReference; fileEncoding = 4; lastKnownFileType = sourcecode.c.h; path = SelfSignUp.h; sourceTree = "<group>"; };
		2E0B07CA126FE7EE000869A6 /* SelfSignUp.m */ = {isa = PBXFileReference; fileEncoding = 4; lastKnownFileType = sourcecode.c.objc; path = SelfSignUp.m; sourceTree = "<group>"; };
		2E0B07CB126FE7EE000869A6 /* Image.h */ = {isa = PBXFileReference; fileEncoding = 4; lastKnownFileType = sourcecode.c.h; path = Image.h; sourceTree = "<group>"; };
		2E0B07CC126FE7EE000869A6 /* Image.m */ = {isa = PBXFileReference; fileEncoding = 4; lastKnownFileType = sourcecode.c.objc; path = Image.m; sourceTree = "<group>"; };
		2E0B07CE126FE7EE000869A6 /* AccountHistory.h */ = {isa = PBXFileReference; fileEncoding = 4; lastKnownFileType = sourcecode.c.h; path = AccountHistory.h; sourceTree = "<group>"; };
		2E0B07CF126FE7EE000869A6 /* AccountHistory.m */ = {isa = PBXFileReference; fileEncoding = 4; lastKnownFileType = sourcecode.c.objc; path = AccountHistory.m; sourceTree = "<group>"; };
		2E0B07D0126FE7EE000869A6 /* AccountHistorySearchResult.h */ = {isa = PBXFileReference; fileEncoding = 4; lastKnownFileType = sourcecode.c.h; path = AccountHistorySearchResult.h; sourceTree = "<group>"; };
		2E0B07D1126FE7EE000869A6 /* AccountHistorySearchResult.m */ = {isa = PBXFileReference; fileEncoding = 4; lastKnownFileType = sourcecode.c.objc; path = AccountHistorySearchResult.m; sourceTree = "<group>"; };
		2E0B07D2126FE7EE000869A6 /* Accounts.h */ = {isa = PBXFileReference; fileEncoding = 4; lastKnownFileType = sourcecode.c.h; path = Accounts.h; sourceTree = "<group>"; };
		2E0B07D3126FE7EE000869A6 /* Accounts.m */ = {isa = PBXFileReference; fileEncoding = 4; lastKnownFileType = sourcecode.c.objc; path = Accounts.m; sourceTree = "<group>"; };
		2E0B07D4126FE7EE000869A6 /* Account.h */ = {isa = PBXFileReference; fileEncoding = 4; lastKnownFileType = sourcecode.c.h; path = Account.h; sourceTree = "<group>"; };
		2E0B07D5126FE7EE000869A6 /* Account.m */ = {isa = PBXFileReference; fileEncoding = 4; lastKnownFileType = sourcecode.c.objc; path = Account.m; sourceTree = "<group>"; };
		2E0B07D6126FE7EE000869A6 /* AccountPlan.h */ = {isa = PBXFileReference; fileEncoding = 4; lastKnownFileType = sourcecode.c.h; path = AccountPlan.h; sourceTree = "<group>"; };
		2E0B07D7126FE7EE000869A6 /* AccountPlan.m */ = {isa = PBXFileReference; fileEncoding = 4; lastKnownFileType = sourcecode.c.objc; path = AccountPlan.m; sourceTree = "<group>"; };
		2E0B07D8126FE7EE000869A6 /* AccountRC.h */ = {isa = PBXFileReference; fileEncoding = 4; lastKnownFileType = sourcecode.c.h; path = AccountRC.h; sourceTree = "<group>"; };
		2E0B07D9126FE7EE000869A6 /* AccountRC.m */ = {isa = PBXFileReference; fileEncoding = 4; lastKnownFileType = sourcecode.c.objc; path = AccountRC.m; sourceTree = "<group>"; };
		2E0B07DA126FE7EE000869A6 /* AccountRCActivityLog.h */ = {isa = PBXFileReference; fileEncoding = 4; lastKnownFileType = sourcecode.c.h; path = AccountRCActivityLog.h; sourceTree = "<group>"; };
		2E0B07DB126FE7EE000869A6 /* AccountRCActivityLog.m */ = {isa = PBXFileReference; fileEncoding = 4; lastKnownFileType = sourcecode.c.objc; path = AccountRCActivityLog.m; sourceTree = "<group>"; };
		2E0B07DC126FE7EE000869A6 /* AccountPlanSearchResult.h */ = {isa = PBXFileReference; fileEncoding = 4; lastKnownFileType = sourcecode.c.h; path = AccountPlanSearchResult.h; sourceTree = "<group>"; };
		2E0B07DD126FE7EE000869A6 /* AccountPlanSearchResult.m */ = {isa = PBXFileReference; fileEncoding = 4; lastKnownFileType = sourcecode.c.objc; path = AccountPlanSearchResult.m; sourceTree = "<group>"; };
		2E0B07DE126FE7EE000869A6 /* AccountRCSearchResult.h */ = {isa = PBXFileReference; fileEncoding = 4; lastKnownFileType = sourcecode.c.h; path = AccountRCSearchResult.h; sourceTree = "<group>"; };
		2E0B07DF126FE7EE000869A6 /* AccountRCSearchResult.m */ = {isa = PBXFileReference; fileEncoding = 4; lastKnownFileType = sourcecode.c.objc; path = AccountRCSearchResult.m; sourceTree = "<group>"; };
		2E0B07E0126FE7EE000869A6 /* AccountRCSetting.h */ = {isa = PBXFileReference; fileEncoding = 4; lastKnownFileType = sourcecode.c.h; path = AccountRCSetting.h; sourceTree = "<group>"; };
		2E0B07E1126FE7EE000869A6 /* AccountRCSetting.m */ = {isa = PBXFileReference; fileEncoding = 4; lastKnownFileType = sourcecode.c.objc; path = AccountRCSetting.m; sourceTree = "<group>"; };
		2E0B07E2126FE7EE000869A6 /* AccountSearchResult.h */ = {isa = PBXFileReference; fileEncoding = 4; lastKnownFileType = sourcecode.c.h; path = AccountSearchResult.h; sourceTree = "<group>"; };
		2E0B07E3126FE7EE000869A6 /* AccountSearchResult.m */ = {isa = PBXFileReference; fileEncoding = 4; lastKnownFileType = sourcecode.c.objc; path = AccountSearchResult.m; sourceTree = "<group>"; };
		2E0B07E4126FE7EE000869A6 /* AccountDevice.h */ = {isa = PBXFileReference; fileEncoding = 4; lastKnownFileType = sourcecode.c.h; path = AccountDevice.h; sourceTree = "<group>"; };
		2E0B07E5126FE7EE000869A6 /* AccountDevice.m */ = {isa = PBXFileReference; fileEncoding = 4; lastKnownFileType = sourcecode.c.objc; path = AccountDevice.m; sourceTree = "<group>"; };
		2E0B07E6126FE7EE000869A6 /* AccountDeviceSearchResult.h */ = {isa = PBXFileReference; fileEncoding = 4; lastKnownFileType = sourcecode.c.h; path = AccountDeviceSearchResult.h; sourceTree = "<group>"; };
		2E0B07E7126FE7EE000869A6 /* AccountDeviceSearchResult.m */ = {isa = PBXFileReference; fileEncoding = 4; lastKnownFileType = sourcecode.c.objc; path = AccountDeviceSearchResult.m; sourceTree = "<group>"; };
		2E0B07E9126FE7EE000869A6 /* Brands.h */ = {isa = PBXFileReference; fileEncoding = 4; lastKnownFileType = sourcecode.c.h; path = Brands.h; sourceTree = "<group>"; };
		2E0B07EA126FE7EE000869A6 /* Brands.m */ = {isa = PBXFileReference; fileEncoding = 4; lastKnownFileType = sourcecode.c.objc; path = Brands.m; sourceTree = "<group>"; };
		2E0B07EB126FE7EE000869A6 /* CurrencySearchResult.h */ = {isa = PBXFileReference; fileEncoding = 4; lastKnownFileType = sourcecode.c.h; path = CurrencySearchResult.h; sourceTree = "<group>"; };
		2E0B07EC126FE7EE000869A6 /* CurrencySearchResult.m */ = {isa = PBXFileReference; fileEncoding = 4; lastKnownFileType = sourcecode.c.objc; path = CurrencySearchResult.m; sourceTree = "<group>"; };
		2E0B07ED126FE7EE000869A6 /* ExchangeRateSearchResult.h */ = {isa = PBXFileReference; fileEncoding = 4; lastKnownFileType = sourcecode.c.h; path = ExchangeRateSearchResult.h; sourceTree = "<group>"; };
		2E0B07EE126FE7EE000869A6 /* ExchangeRateSearchResult.m */ = {isa = PBXFileReference; fileEncoding = 4; lastKnownFileType = sourcecode.c.objc; path = ExchangeRateSearchResult.m; sourceTree = "<group>"; };
		2E0B07EF126FE7EE000869A6 /* Brand.h */ = {isa = PBXFileReference; fileEncoding = 4; lastKnownFileType = sourcecode.c.h; path = Brand.h; sourceTree = "<group>"; };
		2E0B07F0126FE7EE000869A6 /* Brand.m */ = {isa = PBXFileReference; fileEncoding = 4; lastKnownFileType = sourcecode.c.objc; path = Brand.m; sourceTree = "<group>"; };
		2E0B07F1126FE7EE000869A6 /* Currency.h */ = {isa = PBXFileReference; fileEncoding = 4; lastKnownFileType = sourcecode.c.h; path = Currency.h; sourceTree = "<group>"; };
		2E0B07F2126FE7EE000869A6 /* Currency.m */ = {isa = PBXFileReference; fileEncoding = 4; lastKnownFileType = sourcecode.c.objc; path = Currency.m; sourceTree = "<group>"; };
		2E0B07F3126FE7EE000869A6 /* ExchangeRate.h */ = {isa = PBXFileReference; fileEncoding = 4; lastKnownFileType = sourcecode.c.h; path = ExchangeRate.h; sourceTree = "<group>"; };
		2E0B07F4126FE7EE000869A6 /* ExchangeRate.m */ = {isa = PBXFileReference; fileEncoding = 4; lastKnownFileType = sourcecode.c.objc; path = ExchangeRate.m; sourceTree = "<group>"; };
		2E0B07F5126FE7EE000869A6 /* BrandProfile.h */ = {isa = PBXFileReference; fileEncoding = 4; lastKnownFileType = sourcecode.c.h; path = BrandProfile.h; sourceTree = "<group>"; };
		2E0B07F6126FE7EE000869A6 /* BrandProfile.m */ = {isa = PBXFileReference; fileEncoding = 4; lastKnownFileType = sourcecode.c.objc; path = BrandProfile.m; sourceTree = "<group>"; };
		2E0B07F7126FE7EE000869A6 /* BrandSearchResult.h */ = {isa = PBXFileReference; fileEncoding = 4; lastKnownFileType = sourcecode.c.h; path = BrandSearchResult.h; sourceTree = "<group>"; };
		2E0B07F8126FE7EE000869A6 /* BrandSearchResult.m */ = {isa = PBXFileReference; fileEncoding = 4; lastKnownFileType = sourcecode.c.objc; path = BrandSearchResult.m; sourceTree = "<group>"; };
		2E0B07FA126FE7EE000869A6 /* UserCard.h */ = {isa = PBXFileReference; fileEncoding = 4; lastKnownFileType = sourcecode.c.h; path = UserCard.h; sourceTree = "<group>"; };
		2E0B07FB126FE7EE000869A6 /* UserCard.m */ = {isa = PBXFileReference; fileEncoding = 4; lastKnownFileType = sourcecode.c.objc; path = UserCard.m; sourceTree = "<group>"; };
		2E0B07FC126FE7EE000869A6 /* UserCardSearchResult.h */ = {isa = PBXFileReference; fileEncoding = 4; lastKnownFileType = sourcecode.c.h; path = UserCardSearchResult.h; sourceTree = "<group>"; };
		2E0B07FD126FE7EE000869A6 /* UserCardSearchResult.m */ = {isa = PBXFileReference; fileEncoding = 4; lastKnownFileType = sourcecode.c.objc; path = UserCardSearchResult.m; sourceTree = "<group>"; };
		2E0B07FE126FE7EE000869A6 /* UserBankAccount.h */ = {isa = PBXFileReference; fileEncoding = 4; lastKnownFileType = sourcecode.c.h; path = UserBankAccount.h; sourceTree = "<group>"; };
		2E0B07FF126FE7EE000869A6 /* UserBankAccount.m */ = {isa = PBXFileReference; fileEncoding = 4; lastKnownFileType = sourcecode.c.objc; path = UserBankAccount.m; sourceTree = "<group>"; };
		2E0B0800126FE7EE000869A6 /* UserBankAccountSearchResult.h */ = {isa = PBXFileReference; fileEncoding = 4; lastKnownFileType = sourcecode.c.h; path = UserBankAccountSearchResult.h; sourceTree = "<group>"; };
		2E0B0801126FE7EE000869A6 /* UserBankAccountSearchResult.m */ = {isa = PBXFileReference; fileEncoding = 4; lastKnownFileType = sourcecode.c.objc; path = UserBankAccountSearchResult.m; sourceTree = "<group>"; };
		2E0B0802126FE7EE000869A6 /* PaymentGateway.h */ = {isa = PBXFileReference; fileEncoding = 4; lastKnownFileType = sourcecode.c.h; path = PaymentGateway.h; sourceTree = "<group>"; };
		2E0B0803126FE7EE000869A6 /* PaymentGateway.m */ = {isa = PBXFileReference; fileEncoding = 4; lastKnownFileType = sourcecode.c.objc; path = PaymentGateway.m; sourceTree = "<group>"; };
		2E0B0804126FE7EE000869A6 /* PaymentGatewaySearchResult.h */ = {isa = PBXFileReference; fileEncoding = 4; lastKnownFileType = sourcecode.c.h; path = PaymentGatewaySearchResult.h; sourceTree = "<group>"; };
		2E0B0805126FE7EE000869A6 /* PaymentGatewaySearchResult.m */ = {isa = PBXFileReference; fileEncoding = 4; lastKnownFileType = sourcecode.c.objc; path = PaymentGatewaySearchResult.m; sourceTree = "<group>"; };
		2E0B0806126FE7EE000869A6 /* CardTransactionHistory.h */ = {isa = PBXFileReference; fileEncoding = 4; lastKnownFileType = sourcecode.c.h; path = CardTransactionHistory.h; sourceTree = "<group>"; };
		2E0B0807126FE7EE000869A6 /* CardTransactionHistory.m */ = {isa = PBXFileReference; fileEncoding = 4; lastKnownFileType = sourcecode.c.objc; path = CardTransactionHistory.m; sourceTree = "<group>"; };
		2E0B0808126FE7EE000869A6 /* CardTransactionHistorySearchResult.h */ = {isa = PBXFileReference; fileEncoding = 4; lastKnownFileType = sourcecode.c.h; path = CardTransactionHistorySearchResult.h; sourceTree = "<group>"; };
		2E0B0809126FE7EE000869A6 /* CardTransactionHistorySearchResult.m */ = {isa = PBXFileReference; fileEncoding = 4; lastKnownFileType = sourcecode.c.objc; path = CardTransactionHistorySearchResult.m; sourceTree = "<group>"; };
		2E0B080A126FE7EE000869A6 /* CardPayments.h */ = {isa = PBXFileReference; fileEncoding = 4; lastKnownFileType = sourcecode.c.h; path = CardPayments.h; sourceTree = "<group>"; };
		2E0B080B126FE7EE000869A6 /* CardPayments.m */ = {isa = PBXFileReference; fileEncoding = 4; lastKnownFileType = sourcecode.c.objc; path = CardPayments.m; sourceTree = "<group>"; };
		2E0B080C126FE7EE000869A6 /* UserPaymentAuthorization.h */ = {isa = PBXFileReference; fileEncoding = 4; lastKnownFileType = sourcecode.c.h; path = UserPaymentAuthorization.h; sourceTree = "<group>"; };
		2E0B080D126FE7EE000869A6 /* UserPaymentAuthorization.m */ = {isa = PBXFileReference; fileEncoding = 4; lastKnownFileType = sourcecode.c.objc; path = UserPaymentAuthorization.m; sourceTree = "<group>"; };
		2E0B080E126FE7EE000869A6 /* UserPaymentAuthorizationSearchResult.h */ = {isa = PBXFileReference; fileEncoding = 4; lastKnownFileType = sourcecode.c.h; path = UserPaymentAuthorizationSearchResult.h; sourceTree = "<group>"; };
		2E0B080F126FE7EE000869A6 /* UserPaymentAuthorizationSearchResult.m */ = {isa = PBXFileReference; fileEncoding = 4; lastKnownFileType = sourcecode.c.objc; path = UserPaymentAuthorizationSearchResult.m; sourceTree = "<group>"; };
		2E0B0811126FE7EE000869A6 /* AccountInvoice.h */ = {isa = PBXFileReference; fileEncoding = 4; lastKnownFileType = sourcecode.c.h; path = AccountInvoice.h; sourceTree = "<group>"; };
		2E0B0812126FE7EE000869A6 /* AccountInvoice.m */ = {isa = PBXFileReference; fileEncoding = 4; lastKnownFileType = sourcecode.c.objc; path = AccountInvoice.m; sourceTree = "<group>"; };
		2E0B0813126FE7EE000869A6 /* AccountInvoicePayment.h */ = {isa = PBXFileReference; fileEncoding = 4; lastKnownFileType = sourcecode.c.h; path = AccountInvoicePayment.h; sourceTree = "<group>"; };
		2E0B0814126FE7EE000869A6 /* AccountInvoicePayment.m */ = {isa = PBXFileReference; fileEncoding = 4; lastKnownFileType = sourcecode.c.objc; path = AccountInvoicePayment.m; sourceTree = "<group>"; };
		2E0B0815126FE7EE000869A6 /* AccountInvoicePaymentSearchResult.h */ = {isa = PBXFileReference; fileEncoding = 4; lastKnownFileType = sourcecode.c.h; path = AccountInvoicePaymentSearchResult.h; sourceTree = "<group>"; };
		2E0B0816126FE7EE000869A6 /* AccountInvoicePaymentSearchResult.m */ = {isa = PBXFileReference; fileEncoding = 4; lastKnownFileType = sourcecode.c.objc; path = AccountInvoicePaymentSearchResult.m; sourceTree = "<group>"; };
		2E0B0817126FE7EE000869A6 /* AccountInvoiceSearchResult.h */ = {isa = PBXFileReference; fileEncoding = 4; lastKnownFileType = sourcecode.c.h; path = AccountInvoiceSearchResult.h; sourceTree = "<group>"; };
		2E0B0818126FE7EE000869A6 /* AccountInvoiceSearchResult.m */ = {isa = PBXFileReference; fileEncoding = 4; lastKnownFileType = sourcecode.c.objc; path = AccountInvoiceSearchResult.m; sourceTree = "<group>"; };
		2E0B0819126FE7EE000869A6 /* BillingRecord.h */ = {isa = PBXFileReference; fileEncoding = 4; lastKnownFileType = sourcecode.c.h; path = BillingRecord.h; sourceTree = "<group>"; };
		2E0B081A126FE7EE000869A6 /* BillingRecord.m */ = {isa = PBXFileReference; fileEncoding = 4; lastKnownFileType = sourcecode.c.objc; path = BillingRecord.m; sourceTree = "<group>"; };
		2E0B081B126FE7EE000869A6 /* BillingRecordSearchResult.h */ = {isa = PBXFileReference; fileEncoding = 4; lastKnownFileType = sourcecode.c.h; path = BillingRecordSearchResult.h; sourceTree = "<group>"; };
		2E0B081C126FE7EE000869A6 /* BillingRecordSearchResult.m */ = {isa = PBXFileReference; fileEncoding = 4; lastKnownFileType = sourcecode.c.objc; path = BillingRecordSearchResult.m; sourceTree = "<group>"; };
		2E0B081D126FE7EE000869A6 /* Invoice.h */ = {isa = PBXFileReference; fileEncoding = 4; lastKnownFileType = sourcecode.c.h; path = Invoice.h; sourceTree = "<group>"; };
		2E0B081E126FE7EE000869A6 /* Invoice.m */ = {isa = PBXFileReference; fileEncoding = 4; lastKnownFileType = sourcecode.c.objc; path = Invoice.m; sourceTree = "<group>"; };
		2E0B081F126FE7EE000869A6 /* UserPayment.h */ = {isa = PBXFileReference; fileEncoding = 4; lastKnownFileType = sourcecode.c.h; path = UserPayment.h; sourceTree = "<group>"; };
		2E0B0820126FE7EE000869A6 /* UserPayment.m */ = {isa = PBXFileReference; fileEncoding = 4; lastKnownFileType = sourcecode.c.objc; path = UserPayment.m; sourceTree = "<group>"; };
		2E0B0821126FE7EE000869A6 /* UserPaymentSearchResult.h */ = {isa = PBXFileReference; fileEncoding = 4; lastKnownFileType = sourcecode.c.h; path = UserPaymentSearchResult.h; sourceTree = "<group>"; };
		2E0B0822126FE7EE000869A6 /* UserPaymentSearchResult.m */ = {isa = PBXFileReference; fileEncoding = 4; lastKnownFileType = sourcecode.c.objc; path = UserPaymentSearchResult.m; sourceTree = "<group>"; };
		2E0B0824126FE7EE000869A6 /* Plan.h */ = {isa = PBXFileReference; fileEncoding = 4; lastKnownFileType = sourcecode.c.h; path = Plan.h; sourceTree = "<group>"; };
		2E0B0825126FE7EE000869A6 /* Plan.m */ = {isa = PBXFileReference; fileEncoding = 4; lastKnownFileType = sourcecode.c.objc; path = Plan.m; sourceTree = "<group>"; };
		2E0B0826126FE7EE000869A6 /* PlanRC.h */ = {isa = PBXFileReference; fileEncoding = 4; lastKnownFileType = sourcecode.c.h; path = PlanRC.h; sourceTree = "<group>"; };
		2E0B0827126FE7EE000869A6 /* PlanRC.m */ = {isa = PBXFileReference; fileEncoding = 4; lastKnownFileType = sourcecode.c.objc; path = PlanRC.m; sourceTree = "<group>"; };
		2E0B0828126FE7EE000869A6 /* PlanRCSearchResult.h */ = {isa = PBXFileReference; fileEncoding = 4; lastKnownFileType = sourcecode.c.h; path = PlanRCSearchResult.h; sourceTree = "<group>"; };
		2E0B0829126FE7EE000869A6 /* PlanRCSearchResult.m */ = {isa = PBXFileReference; fileEncoding = 4; lastKnownFileType = sourcecode.c.objc; path = PlanRCSearchResult.m; sourceTree = "<group>"; };
		2E0B082A126FE7EE000869A6 /* Plans.h */ = {isa = PBXFileReference; fileEncoding = 4; lastKnownFileType = sourcecode.c.h; path = Plans.h; sourceTree = "<group>"; };
		2E0B082B126FE7EE000869A6 /* Plans.m */ = {isa = PBXFileReference; fileEncoding = 4; lastKnownFileType = sourcecode.c.objc; path = Plans.m; sourceTree = "<group>"; };
		2E0B082C126FE7EE000869A6 /* PlanSearchResult.h */ = {isa = PBXFileReference; fileEncoding = 4; lastKnownFileType = sourcecode.c.h; path = PlanSearchResult.h; sourceTree = "<group>"; };
		2E0B082D126FE7EE000869A6 /* PlanSearchResult.m */ = {isa = PBXFileReference; fileEncoding = 4; lastKnownFileType = sourcecode.c.objc; path = PlanSearchResult.m; sourceTree = "<group>"; };
		2E0B082F126FE7EE000869A6 /* BrandProduct.h */ = {isa = PBXFileReference; fileEncoding = 4; lastKnownFileType = sourcecode.c.h; path = BrandProduct.h; sourceTree = "<group>"; };
		2E0B0830126FE7EE000869A6 /* BrandProduct.m */ = {isa = PBXFileReference; fileEncoding = 4; lastKnownFileType = sourcecode.c.objc; path = BrandProduct.m; sourceTree = "<group>"; };
		2E0B0831126FE7EE000869A6 /* BrandProductBaserate.h */ = {isa = PBXFileReference; fileEncoding = 4; lastKnownFileType = sourcecode.c.h; path = BrandProductBaserate.h; sourceTree = "<group>"; };
		2E0B0832126FE7EE000869A6 /* BrandProductBaserate.m */ = {isa = PBXFileReference; fileEncoding = 4; lastKnownFileType = sourcecode.c.objc; path = BrandProductBaserate.m; sourceTree = "<group>"; };
		2E0B0833126FE7EE000869A6 /* BrandProductBaserateSearchResult.h */ = {isa = PBXFileReference; fileEncoding = 4; lastKnownFileType = sourcecode.c.h; path = BrandProductBaserateSearchResult.h; sourceTree = "<group>"; };
		2E0B0834126FE7EE000869A6 /* BrandProductBaserateSearchResult.m */ = {isa = PBXFileReference; fileEncoding = 4; lastKnownFileType = sourcecode.c.objc; path = BrandProductBaserateSearchResult.m; sourceTree = "<group>"; };
		2E0B0835126FE7EE000869A6 /* BrandProductSchedule.h */ = {isa = PBXFileReference; fileEncoding = 4; lastKnownFileType = sourcecode.c.h; path = BrandProductSchedule.h; sourceTree = "<group>"; };
		2E0B0836126FE7EE000869A6 /* BrandProductSchedule.m */ = {isa = PBXFileReference; fileEncoding = 4; lastKnownFileType = sourcecode.c.objc; path = BrandProductSchedule.m; sourceTree = "<group>"; };
		2E0B0837126FE7EE000869A6 /* BrandProductScheduleSearchResult.h */ = {isa = PBXFileReference; fileEncoding = 4; lastKnownFileType = sourcecode.c.h; path = BrandProductScheduleSearchResult.h; sourceTree = "<group>"; };
		2E0B0838126FE7EE000869A6 /* BrandProductScheduleSearchResult.m */ = {isa = PBXFileReference; fileEncoding = 4; lastKnownFileType = sourcecode.c.objc; path = BrandProductScheduleSearchResult.m; sourceTree = "<group>"; };
		2E0B0839126FE7EE000869A6 /* BrandProductSearchResult.h */ = {isa = PBXFileReference; fileEncoding = 4; lastKnownFileType = sourcecode.c.h; path = BrandProductSearchResult.h; sourceTree = "<group>"; };
		2E0B083A126FE7EE000869A6 /* BrandProductSearchResult.m */ = {isa = PBXFileReference; fileEncoding = 4; lastKnownFileType = sourcecode.c.objc; path = BrandProductSearchResult.m; sourceTree = "<group>"; };
		2E0B083B126FE7EE000869A6 /* BrandService.h */ = {isa = PBXFileReference; fileEncoding = 4; lastKnownFileType = sourcecode.c.h; path = BrandService.h; sourceTree = "<group>"; };
		2E0B083C126FE7EE000869A6 /* BrandService.m */ = {isa = PBXFileReference; fileEncoding = 4; lastKnownFileType = sourcecode.c.objc; path = BrandService.m; sourceTree = "<group>"; };
		2E0B083D126FE7EE000869A6 /* BrandServices.h */ = {isa = PBXFileReference; fileEncoding = 4; lastKnownFileType = sourcecode.c.h; path = BrandServices.h; sourceTree = "<group>"; };
		2E0B083E126FE7EE000869A6 /* BrandServices.m */ = {isa = PBXFileReference; fileEncoding = 4; lastKnownFileType = sourcecode.c.objc; path = BrandServices.m; sourceTree = "<group>"; };
		2E0B083F126FE7EE000869A6 /* BrandServiceSearchResult.h */ = {isa = PBXFileReference; fileEncoding = 4; lastKnownFileType = sourcecode.c.h; path = BrandServiceSearchResult.h; sourceTree = "<group>"; };
		2E0B0840126FE7EE000869A6 /* BrandServiceSearchResult.m */ = {isa = PBXFileReference; fileEncoding = 4; lastKnownFileType = sourcecode.c.objc; path = BrandServiceSearchResult.m; sourceTree = "<group>"; };
		2E0B0841126FE7EE000869A6 /* ChargeTypeOperation.h */ = {isa = PBXFileReference; fileEncoding = 4; lastKnownFileType = sourcecode.c.h; path = ChargeTypeOperation.h; sourceTree = "<group>"; };
		2E0B0842126FE7EE000869A6 /* ChargeTypeOperation.m */ = {isa = PBXFileReference; fileEncoding = 4; lastKnownFileType = sourcecode.c.objc; path = ChargeTypeOperation.m; sourceTree = "<group>"; };
		2E0B0843126FE7EE000869A6 /* BrandProductPrice.h */ = {isa = PBXFileReference; fileEncoding = 4; lastKnownFileType = sourcecode.c.h; path = BrandProductPrice.h; sourceTree = "<group>"; };
		2E0B0844126FE7EE000869A6 /* BrandProductPrice.m */ = {isa = PBXFileReference; fileEncoding = 4; lastKnownFileType = sourcecode.c.objc; path = BrandProductPrice.m; sourceTree = "<group>"; };
		2E0B0845126FE7EE000869A6 /* BrandProductPlanPrice.h */ = {isa = PBXFileReference; fileEncoding = 4; lastKnownFileType = sourcecode.c.h; path = BrandProductPlanPrice.h; sourceTree = "<group>"; };
		2E0B0846126FE7EE000869A6 /* BrandProductPlanPrice.m */ = {isa = PBXFileReference; fileEncoding = 4; lastKnownFileType = sourcecode.c.objc; path = BrandProductPlanPrice.m; sourceTree = "<group>"; };
		2E0B0847126FE7EE000869A6 /* BrandProductPriceSearchResult.h */ = {isa = PBXFileReference; fileEncoding = 4; lastKnownFileType = sourcecode.c.h; path = BrandProductPriceSearchResult.h; sourceTree = "<group>"; };
		2E0B0848126FE7EE000869A6 /* BrandProductPriceSearchResult.m */ = {isa = PBXFileReference; fileEncoding = 4; lastKnownFileType = sourcecode.c.objc; path = BrandProductPriceSearchResult.m; sourceTree = "<group>"; };
		2E0B0849126FE7EE000869A6 /* BrandProductPlanPriceSearchResult.h */ = {isa = PBXFileReference; fileEncoding = 4; lastKnownFileType = sourcecode.c.h; path = BrandProductPlanPriceSearchResult.h; sourceTree = "<group>"; };
		2E0B084A126FE7EE000869A6 /* BrandProductPlanPriceSearchResult.m */ = {isa = PBXFileReference; fileEncoding = 4; lastKnownFileType = sourcecode.c.objc; path = BrandProductPlanPriceSearchResult.m; sourceTree = "<group>"; };
		2E0B084C126FE7EE000869A6 /* Transactions.h */ = {isa = PBXFileReference; fileEncoding = 4; lastKnownFileType = sourcecode.c.h; path = Transactions.h; sourceTree = "<group>"; };
		2E0B084D126FE7EE000869A6 /* Transactions.m */ = {isa = PBXFileReference; fileEncoding = 4; lastKnownFileType = sourcecode.c.objc; path = Transactions.m; sourceTree = "<group>"; };
		2E0B084E126FE7EE000869A6 /* TransactionDetailRecord.h */ = {isa = PBXFileReference; fileEncoding = 4; lastKnownFileType = sourcecode.c.h; path = TransactionDetailRecord.h; sourceTree = "<group>"; };
		2E0B084F126FE7EE000869A6 /* TransactionDetailRecord.m */ = {isa = PBXFileReference; fileEncoding = 4; lastKnownFileType = sourcecode.c.objc; path = TransactionDetailRecord.m; sourceTree = "<group>"; };
		2E0B0850126FE7EE000869A6 /* TransactionDetailRecordSearchResult.h */ = {isa = PBXFileReference; fileEncoding = 4; lastKnownFileType = sourcecode.c.h; path = TransactionDetailRecordSearchResult.h; sourceTree = "<group>"; };
		2E0B0851126FE7EE000869A6 /* TransactionDetailRecordSearchResult.m */ = {isa = PBXFileReference; fileEncoding = 4; lastKnownFileType = sourcecode.c.objc; path = TransactionDetailRecordSearchResult.m; sourceTree = "<group>"; };
		2E0B0852126FE7EE000869A6 /* NetmoboFeefactorModel.h */ = {isa = PBXFileReference; fileEncoding = 4; lastKnownFileType = sourcecode.c.h; path = NetmoboFeefactorModel.h; sourceTree = "<group>"; };
		2E0B0853126FE7EE000869A6 /* NetmoboFeefactorModel.m */ = {isa = PBXFileReference; fileEncoding = 4; lastKnownFileType = sourcecode.c.objc; path = NetmoboFeefactorModel.m; sourceTree = "<group>"; };
		32CA4F630368D1EE00C91783 /* FeeFactorClientLib_src_Prefix.pch */ = {isa = PBXFileReference; fileEncoding = 4; lastKnownFileType = sourcecode.c.h; path = FeeFactorClientLib_src_Prefix.pch; sourceTree = "<group>"; };
		8D1107310486CEB800E47090 /* FeeFactorClientLib_src-Info.plist */ = {isa = PBXFileReference; fileEncoding = 4; lastKnownFileType = text.plist.xml; path = "FeeFactorClientLib_src-Info.plist"; plistStructureDefinitionIdentifier = "com.apple.xcode.plist.structure-definition.iphone.info-plist"; sourceTree = "<group>"; };
/* End PBXFileReference section */

/* Begin PBXFrameworksBuildPhase section */
		1D60588F0D05DD3D006BFB54 /* Frameworks */ = {
			isa = PBXFrameworksBuildPhase;
			buildActionMask = 2147483647;
			files = (
				1D60589F0D05DD5A006BFB54 /* Foundation.framework in Frameworks */,
				1DF5F4E00D08C38300B7A737 /* UIKit.framework in Frameworks */,
				288765A50DF7441C002DB57D /* CoreGraphics.framework in Frameworks */,
			);
			runOnlyForDeploymentPostprocessing = 0;
		};
/* End PBXFrameworksBuildPhase section */

/* Begin PBXGroup section */
		080E96DDFE201D6D7F000001 /* Classes */ = {
			isa = PBXGroup;
			children = (
				1D3623240D0F684500981E51 /* FeeFactorClientLib_srcAppDelegate.h */,
				1D3623250D0F684500981E51 /* FeeFactorClientLib_srcAppDelegate.m */,
				28D7ACF60DDB3853001CB0EB /* FeeFactorClientLib_srcViewController.h */,
				28D7ACF70DDB3853001CB0EB /* FeeFactorClientLib_srcViewController.m */,
			);
			path = Classes;
			sourceTree = "<group>";
		};
		19C28FACFE9D520D11CA2CBB /* Products */ = {
			isa = PBXGroup;
			children = (
				1D6058910D05DD3D006BFB54 /* FeeFactorClientLib_src.app */,
			);
			name = Products;
			sourceTree = "<group>";
		};
		29B97314FDCFA39411CA2CEA /* CustomTemplate */ = {
			isa = PBXGroup;
			children = (
				2E0B07AB126FE7ED000869A6 /* Feefactor Libe */,
				080E96DDFE201D6D7F000001 /* Classes */,
				29B97315FDCFA39411CA2CEA /* Other Sources */,
				29B97317FDCFA39411CA2CEA /* Resources */,
				29B97323FDCFA39411CA2CEA /* Frameworks */,
				19C28FACFE9D520D11CA2CBB /* Products */,
			);
			name = CustomTemplate;
			sourceTree = "<group>";
		};
		29B97315FDCFA39411CA2CEA /* Other Sources */ = {
			isa = PBXGroup;
			children = (
				32CA4F630368D1EE00C91783 /* FeeFactorClientLib_src_Prefix.pch */,
				29B97316FDCFA39411CA2CEA /* main.m */,
			);
			name = "Other Sources";
			sourceTree = "<group>";
		};
		29B97317FDCFA39411CA2CEA /* Resources */ = {
			isa = PBXGroup;
			children = (
				2899E5210DE3E06400AC0155 /* FeeFactorClientLib_srcViewController.xib */,
				28AD733E0D9D9553002E5188 /* MainWindow.xib */,
				8D1107310486CEB800E47090 /* FeeFactorClientLib_src-Info.plist */,
			);
			name = Resources;
			sourceTree = "<group>";
		};
		29B97323FDCFA39411CA2CEA /* Frameworks */ = {
			isa = PBXGroup;
			children = (
				1DF5F4DF0D08C38300B7A737 /* UIKit.framework */,
				1D30AB110D05D00D00671497 /* Foundation.framework */,
				288765A40DF7441C002DB57D /* CoreGraphics.framework */,
			);
			name = Frameworks;
			sourceTree = "<group>";
		};
		2E0B07AB126FE7ED000869A6 /* Feefactor Libe */ = {
			isa = PBXGroup;
			children = (
				2E0B0852126FE7EE000869A6 /* NetmoboFeefactorModel.h */,
				2E0B0853126FE7EE000869A6 /* NetmoboFeefactorModel.m */,
				2E0B07BB126FE7ED000869A6 /* FeeFactor_API */,
				2E0B07AC126FE7ED000869A6 /* REST_XML_API */,
			);
			name = "Feefactor Libe";
			sourceTree = "<group>";
		};
		2E0B07AC126FE7ED000869A6 /* REST_XML_API */ = {
			isa = PBXGroup;
			children = (
				2E0B07B2126FE7ED000869A6 /* Util */,
				2E0B07AD126FE7ED000869A6 /* Transport */,
			);
			name = REST_XML_API;
			sourceTree = "<group>";
		};
		2E0B07AD126FE7ED000869A6 /* Transport */ = {
			isa = PBXGroup;
			children = (
				2E0B07AE126FE7ED000869A6 /* RestTransport3.h */,
				2E0B07AF126FE7ED000869A6 /* RestTransport3.m */,
				2E0B07B0126FE7ED000869A6 /* XmlHeaderHelper.h */,
				2E0B07B1126FE7ED000869A6 /* XmlHeaderHelper.m */,
			);
			name = Transport;
			sourceTree = "<group>";
		};
		2E0B07B2126FE7ED000869A6 /* Util */ = {
			isa = PBXGroup;
			children = (
				2E0B07B3126FE7ED000869A6 /* XmlParser.h */,
				2E0B07B4126FE7ED000869A6 /* XmlParser.m */,
				2E0B07B5126FE7ED000869A6 /* TypeMapping.h */,
				2E0B07B6126FE7ED000869A6 /* TypeMapping.m */,
				2E0B07B7126FE7ED000869A6 /* GDataXMLNode.h */,
				2E0B07B8126FE7ED000869A6 /* GDataXMLNode.m */,
				2E0B07B9126FE7ED000869A6 /* Util.h */,
				2E0B07BA126FE7ED000869A6 /* Util.m */,
			);
			name = Util;
			sourceTree = "<group>";
		};
		2E0B07BB126FE7ED000869A6 /* FeeFactor_API */ = {
			isa = PBXGroup;
			children = (
				2E0B084B126FE7EE000869A6 /* Transactions */,
				2E0B082E126FE7EE000869A6 /* Services */,
				2E0B0823126FE7EE000869A6 /* Plans */,
				2E0B0810126FE7EE000869A6 /* Invoices */,
				2E0B07F9126FE7EE000869A6 /* Cardpayments */,
				2E0B07E8126FE7EE000869A6 /* Brands */,
				2E0B07CD126FE7EE000869A6 /* Accounts */,
				2E0B07BC126FE7ED000869A6 /* Users */,
			);
			name = FeeFactor_API;
			sourceTree = "<group>";
		};
		2E0B07BC126FE7ED000869A6 /* Users */ = {
			isa = PBXGroup;
			children = (
				2E0B07BD126FE7ED000869A6 /* User.h */,
				2E0B07BE126FE7ED000869A6 /* User.m */,
				2E0B07BF126FE7ED000869A6 /* Profile.h */,
				2E0B07C0126FE7ED000869A6 /* Profile.m */,
				2E0B07C1126FE7ED000869A6 /* UserQuestion.h */,
				2E0B07C2126FE7ED000869A6 /* UserQuestion.m */,
				2E0B07C3126FE7ED000869A6 /* UserQuestionSearchResult.h */,
				2E0B07C4126FE7ED000869A6 /* UserQuestionSearchResult.m */,
				2E0B07C5126FE7ED000869A6 /* Users.h */,
				2E0B07C6126FE7ED000869A6 /* Users.m */,
				2E0B07C7126FE7EE000869A6 /* UserSearchResult.h */,
				2E0B07C8126FE7EE000869A6 /* UserSearchResult.m */,
				2E0B07C9126FE7EE000869A6 /* SelfSignUp.h */,
				2E0B07CA126FE7EE000869A6 /* SelfSignUp.m */,
				2E0B07CB126FE7EE000869A6 /* Image.h */,
				2E0B07CC126FE7EE000869A6 /* Image.m */,
			);
			name = Users;
			sourceTree = "<group>";
		};
		2E0B07CD126FE7EE000869A6 /* Accounts */ = {
			isa = PBXGroup;
			children = (
				2E0B07CE126FE7EE000869A6 /* AccountHistory.h */,
				2E0B07CF126FE7EE000869A6 /* AccountHistory.m */,
				2E0B07D0126FE7EE000869A6 /* AccountHistorySearchResult.h */,
				2E0B07D1126FE7EE000869A6 /* AccountHistorySearchResult.m */,
				2E0B07D2126FE7EE000869A6 /* Accounts.h */,
				2E0B07D3126FE7EE000869A6 /* Accounts.m */,
				2E0B07D4126FE7EE000869A6 /* Account.h */,
				2E0B07D5126FE7EE000869A6 /* Account.m */,
				2E0B07D6126FE7EE000869A6 /* AccountPlan.h */,
				2E0B07D7126FE7EE000869A6 /* AccountPlan.m */,
				2E0B07D8126FE7EE000869A6 /* AccountRC.h */,
				2E0B07D9126FE7EE000869A6 /* AccountRC.m */,
				2E0B07DA126FE7EE000869A6 /* AccountRCActivityLog.h */,
				2E0B07DB126FE7EE000869A6 /* AccountRCActivityLog.m */,
				2E0B07DC126FE7EE000869A6 /* AccountPlanSearchResult.h */,
				2E0B07DD126FE7EE000869A6 /* AccountPlanSearchResult.m */,
				2E0B07DE126FE7EE000869A6 /* AccountRCSearchResult.h */,
				2E0B07DF126FE7EE000869A6 /* AccountRCSearchResult.m */,
				2E0B07E0126FE7EE000869A6 /* AccountRCSetting.h */,
				2E0B07E1126FE7EE000869A6 /* AccountRCSetting.m */,
				2E0B07E2126FE7EE000869A6 /* AccountSearchResult.h */,
				2E0B07E3126FE7EE000869A6 /* AccountSearchResult.m */,
				2E0B07E4126FE7EE000869A6 /* AccountDevice.h */,
				2E0B07E5126FE7EE000869A6 /* AccountDevice.m */,
				2E0B07E6126FE7EE000869A6 /* AccountDeviceSearchResult.h */,
				2E0B07E7126FE7EE000869A6 /* AccountDeviceSearchResult.m */,
			);
			name = Accounts;
			sourceTree = "<group>";
		};
		2E0B07E8126FE7EE000869A6 /* Brands */ = {
			isa = PBXGroup;
			children = (
				2E0B07E9126FE7EE000869A6 /* Brands.h */,
				2E0B07EA126FE7EE000869A6 /* Brands.m */,
				2E0B07EB126FE7EE000869A6 /* CurrencySearchResult.h */,
				2E0B07EC126FE7EE000869A6 /* CurrencySearchResult.m */,
				2E0B07ED126FE7EE000869A6 /* ExchangeRateSearchResult.h */,
				2E0B07EE126FE7EE000869A6 /* ExchangeRateSearchResult.m */,
				2E0B07EF126FE7EE000869A6 /* Brand.h */,
				2E0B07F0126FE7EE000869A6 /* Brand.m */,
				2E0B07F1126FE7EE000869A6 /* Currency.h */,
				2E0B07F2126FE7EE000869A6 /* Currency.m */,
				2E0B07F3126FE7EE000869A6 /* ExchangeRate.h */,
				2E0B07F4126FE7EE000869A6 /* ExchangeRate.m */,
				2E0B07F5126FE7EE000869A6 /* BrandProfile.h */,
				2E0B07F6126FE7EE000869A6 /* BrandProfile.m */,
				2E0B07F7126FE7EE000869A6 /* BrandSearchResult.h */,
				2E0B07F8126FE7EE000869A6 /* BrandSearchResult.m */,
			);
			name = Brands;
			sourceTree = "<group>";
		};
		2E0B07F9126FE7EE000869A6 /* Cardpayments */ = {
			isa = PBXGroup;
			children = (
				2E0B07FA126FE7EE000869A6 /* UserCard.h */,
				2E0B07FB126FE7EE000869A6 /* UserCard.m */,
				2E0B07FC126FE7EE000869A6 /* UserCardSearchResult.h */,
				2E0B07FD126FE7EE000869A6 /* UserCardSearchResult.m */,
				2E0B07FE126FE7EE000869A6 /* UserBankAccount.h */,
				2E0B07FF126FE7EE000869A6 /* UserBankAccount.m */,
				2E0B0800126FE7EE000869A6 /* UserBankAccountSearchResult.h */,
				2E0B0801126FE7EE000869A6 /* UserBankAccountSearchResult.m */,
				2E0B0802126FE7EE000869A6 /* PaymentGateway.h */,
				2E0B0803126FE7EE000869A6 /* PaymentGateway.m */,
				2E0B0804126FE7EE000869A6 /* PaymentGatewaySearchResult.h */,
				2E0B0805126FE7EE000869A6 /* PaymentGatewaySearchResult.m */,
				2E0B0806126FE7EE000869A6 /* CardTransactionHistory.h */,
				2E0B0807126FE7EE000869A6 /* CardTransactionHistory.m */,
				2E0B0808126FE7EE000869A6 /* CardTransactionHistorySearchResult.h */,
				2E0B0809126FE7EE000869A6 /* CardTransactionHistorySearchResult.m */,
				2E0B080A126FE7EE000869A6 /* CardPayments.h */,
				2E0B080B126FE7EE000869A6 /* CardPayments.m */,
				2E0B080C126FE7EE000869A6 /* UserPaymentAuthorization.h */,
				2E0B080D126FE7EE000869A6 /* UserPaymentAuthorization.m */,
				2E0B080E126FE7EE000869A6 /* UserPaymentAuthorizationSearchResult.h */,
				2E0B080F126FE7EE000869A6 /* UserPaymentAuthorizationSearchResult.m */,
			);
			name = Cardpayments;
			sourceTree = "<group>";
		};
		2E0B0810126FE7EE000869A6 /* Invoices */ = {
			isa = PBXGroup;
			children = (
				2E0B0811126FE7EE000869A6 /* AccountInvoice.h */,
				2E0B0812126FE7EE000869A6 /* AccountInvoice.m */,
				2E0B0813126FE7EE000869A6 /* AccountInvoicePayment.h */,
				2E0B0814126FE7EE000869A6 /* AccountInvoicePayment.m */,
				2E0B0815126FE7EE000869A6 /* AccountInvoicePaymentSearchResult.h */,
				2E0B0816126FE7EE000869A6 /* AccountInvoicePaymentSearchResult.m */,
				2E0B0817126FE7EE000869A6 /* AccountInvoiceSearchResult.h */,
				2E0B0818126FE7EE000869A6 /* AccountInvoiceSearchResult.m */,
				2E0B0819126FE7EE000869A6 /* BillingRecord.h */,
				2E0B081A126FE7EE000869A6 /* BillingRecord.m */,
				2E0B081B126FE7EE000869A6 /* BillingRecordSearchResult.h */,
				2E0B081C126FE7EE000869A6 /* BillingRecordSearchResult.m */,
				2E0B081D126FE7EE000869A6 /* Invoice.h */,
				2E0B081E126FE7EE000869A6 /* Invoice.m */,
				2E0B081F126FE7EE000869A6 /* UserPayment.h */,
				2E0B0820126FE7EE000869A6 /* UserPayment.m */,
				2E0B0821126FE7EE000869A6 /* UserPaymentSearchResult.h */,
				2E0B0822126FE7EE000869A6 /* UserPaymentSearchResult.m */,
			);
			name = Invoices;
			sourceTree = "<group>";
		};
		2E0B0823126FE7EE000869A6 /* Plans */ = {
			isa = PBXGroup;
			children = (
				2E0B0824126FE7EE000869A6 /* Plan.h */,
				2E0B0825126FE7EE000869A6 /* Plan.m */,
				2E0B0826126FE7EE000869A6 /* PlanRC.h */,
				2E0B0827126FE7EE000869A6 /* PlanRC.m */,
				2E0B0828126FE7EE000869A6 /* PlanRCSearchResult.h */,
				2E0B0829126FE7EE000869A6 /* PlanRCSearchResult.m */,
				2E0B082A126FE7EE000869A6 /* Plans.h */,
				2E0B082B126FE7EE000869A6 /* Plans.m */,
				2E0B082C126FE7EE000869A6 /* PlanSearchResult.h */,
				2E0B082D126FE7EE000869A6 /* PlanSearchResult.m */,
			);
			name = Plans;
			sourceTree = "<group>";
		};
		2E0B082E126FE7EE000869A6 /* Services */ = {
			isa = PBXGroup;
			children = (
				2E0B082F126FE7EE000869A6 /* BrandProduct.h */,
				2E0B0830126FE7EE000869A6 /* BrandProduct.m */,
				2E0B0831126FE7EE000869A6 /* BrandProductBaserate.h */,
				2E0B0832126FE7EE000869A6 /* BrandProductBaserate.m */,
				2E0B0833126FE7EE000869A6 /* BrandProductBaserateSearchResult.h */,
				2E0B0834126FE7EE000869A6 /* BrandProductBaserateSearchResult.m */,
				2E0B0835126FE7EE000869A6 /* BrandProductSchedule.h */,
				2E0B0836126FE7EE000869A6 /* BrandProductSchedule.m */,
				2E0B0837126FE7EE000869A6 /* BrandProductScheduleSearchResult.h */,
				2E0B0838126FE7EE000869A6 /* BrandProductScheduleSearchResult.m */,
				2E0B0839126FE7EE000869A6 /* BrandProductSearchResult.h */,
				2E0B083A126FE7EE000869A6 /* BrandProductSearchResult.m */,
				2E0B083B126FE7EE000869A6 /* BrandService.h */,
				2E0B083C126FE7EE000869A6 /* BrandService.m */,
				2E0B083D126FE7EE000869A6 /* BrandServices.h */,
				2E0B083E126FE7EE000869A6 /* BrandServices.m */,
				2E0B083F126FE7EE000869A6 /* BrandServiceSearchResult.h */,
				2E0B0840126FE7EE000869A6 /* BrandServiceSearchResult.m */,
				2E0B0841126FE7EE000869A6 /* ChargeTypeOperation.h */,
				2E0B0842126FE7EE000869A6 /* ChargeTypeOperation.m */,
				2E0B0843126FE7EE000869A6 /* BrandProductPrice.h */,
				2E0B0844126FE7EE000869A6 /* BrandProductPrice.m */,
				2E0B0845126FE7EE000869A6 /* BrandProductPlanPrice.h */,
				2E0B0846126FE7EE000869A6 /* BrandProductPlanPrice.m */,
				2E0B0847126FE7EE000869A6 /* BrandProductPriceSearchResult.h */,
				2E0B0848126FE7EE000869A6 /* BrandProductPriceSearchResult.m */,
				2E0B0849126FE7EE000869A6 /* BrandProductPlanPriceSearchResult.h */,
				2E0B084A126FE7EE000869A6 /* BrandProductPlanPriceSearchResult.m */,
			);
			name = Services;
			sourceTree = "<group>";
		};
		2E0B084B126FE7EE000869A6 /* Transactions */ = {
			isa = PBXGroup;
			children = (
				2E0B084C126FE7EE000869A6 /* Transactions.h */,
				2E0B084D126FE7EE000869A6 /* Transactions.m */,
				2E0B084E126FE7EE000869A6 /* TransactionDetailRecord.h */,
				2E0B084F126FE7EE000869A6 /* TransactionDetailRecord.m */,
				2E0B0850126FE7EE000869A6 /* TransactionDetailRecordSearchResult.h */,
				2E0B0851126FE7EE000869A6 /* TransactionDetailRecordSearchResult.m */,
			);
			name = Transactions;
			sourceTree = "<group>";
		};
/* End PBXGroup section */

/* Begin PBXNativeTarget section */
		1D6058900D05DD3D006BFB54 /* FeeFactorClientLib_src */ = {
			isa = PBXNativeTarget;
			buildConfigurationList = 1D6058960D05DD3E006BFB54 /* Build configuration list for PBXNativeTarget "FeeFactorClientLib_src" */;
			buildPhases = (
				1D60588D0D05DD3D006BFB54 /* Resources */,
				1D60588E0D05DD3D006BFB54 /* Sources */,
				1D60588F0D05DD3D006BFB54 /* Frameworks */,
			);
			buildRules = (
			);
			dependencies = (
			);
			name = FeeFactorClientLib_src;
			productName = FeeFactorClientLib_src;
			productReference = 1D6058910D05DD3D006BFB54 /* FeeFactorClientLib_src.app */;
			productType = "com.apple.product-type.application";
		};
/* End PBXNativeTarget section */

/* Begin PBXProject section */
		29B97313FDCFA39411CA2CEA /* Project object */ = {
			isa = PBXProject;
			buildConfigurationList = C01FCF4E08A954540054247B /* Build configuration list for PBXProject "FeeFactorClientLib_src" */;
			compatibilityVersion = "Xcode 3.1";
			hasScannedForEncodings = 1;
			mainGroup = 29B97314FDCFA39411CA2CEA /* CustomTemplate */;
			projectDirPath = "";
			projectRoot = "";
			targets = (
				1D6058900D05DD3D006BFB54 /* FeeFactorClientLib_src */,
			);
		};
/* End PBXProject section */

/* Begin PBXResourcesBuildPhase section */
		1D60588D0D05DD3D006BFB54 /* Resources */ = {
			isa = PBXResourcesBuildPhase;
			buildActionMask = 2147483647;
			files = (
				28AD733F0D9D9553002E5188 /* MainWindow.xib in Resources */,
				2899E5220DE3E06400AC0155 /* FeeFactorClientLib_srcViewController.xib in Resources */,
			);
			runOnlyForDeploymentPostprocessing = 0;
		};
/* End PBXResourcesBuildPhase section */

/* Begin PBXSourcesBuildPhase section */
		1D60588E0D05DD3D006BFB54 /* Sources */ = {
			isa = PBXSourcesBuildPhase;
			buildActionMask = 2147483647;
			files = (
				1D60589B0D05DD56006BFB54 /* main.m in Sources */,
				1D3623260D0F684500981E51 /* FeeFactorClientLib_srcAppDelegate.m in Sources */,
				28D7ACF80DDB3853001CB0EB /* FeeFactorClientLib_srcViewController.m in Sources */,
				2E0B0854126FE7EE000869A6 /* RestTransport3.m in Sources */,
				2E0B0855126FE7EE000869A6 /* XmlHeaderHelper.m in Sources */,
				2E0B0856126FE7EE000869A6 /* XmlParser.m in Sources */,
				2E0B0857126FE7EE000869A6 /* TypeMapping.m in Sources */,
				2E0B0858126FE7EE000869A6 /* GDataXMLNode.m in Sources */,
				2E0B0859126FE7EE000869A6 /* Util.m in Sources */,
				2E0B085A126FE7EE000869A6 /* User.m in Sources */,
				2E0B085B126FE7EE000869A6 /* Profile.m in Sources */,
				2E0B085C126FE7EE000869A6 /* UserQuestion.m in Sources */,
				2E0B085D126FE7EE000869A6 /* UserQuestionSearchResult.m in Sources */,
				2E0B085E126FE7EE000869A6 /* Users.m in Sources */,
				2E0B085F126FE7EE000869A6 /* UserSearchResult.m in Sources */,
				2E0B0860126FE7EE000869A6 /* SelfSignUp.m in Sources */,
				2E0B0861126FE7EE000869A6 /* Image.m in Sources */,
				2E0B0862126FE7EE000869A6 /* AccountHistory.m in Sources */,
				2E0B0863126FE7EE000869A6 /* AccountHistorySearchResult.m in Sources */,
				2E0B0864126FE7EE000869A6 /* Accounts.m in Sources */,
				2E0B0865126FE7EE000869A6 /* Account.m in Sources */,
				2E0B0866126FE7EE000869A6 /* AccountPlan.m in Sources */,
				2E0B0867126FE7EE000869A6 /* AccountRC.m in Sources */,
				2E0B0868126FE7EE000869A6 /* AccountRCActivityLog.m in Sources */,
				2E0B0869126FE7EE000869A6 /* AccountPlanSearchResult.m in Sources */,
				2E0B086A126FE7EE000869A6 /* AccountRCSearchResult.m in Sources */,
				2E0B086B126FE7EE000869A6 /* AccountRCSetting.m in Sources */,
				2E0B086C126FE7EE000869A6 /* AccountSearchResult.m in Sources */,
				2E0B086D126FE7EE000869A6 /* AccountDevice.m in Sources */,
				2E0B086E126FE7EE000869A6 /* AccountDeviceSearchResult.m in Sources */,
				2E0B086F126FE7EE000869A6 /* Brands.m in Sources */,
				2E0B0870126FE7EE000869A6 /* CurrencySearchResult.m in Sources */,
				2E0B0871126FE7EE000869A6 /* ExchangeRateSearchResult.m in Sources */,
				2E0B0872126FE7EE000869A6 /* Brand.m in Sources */,
				2E0B0873126FE7EE000869A6 /* Currency.m in Sources */,
				2E0B0874126FE7EE000869A6 /* ExchangeRate.m in Sources */,
				2E0B0875126FE7EE000869A6 /* BrandProfile.m in Sources */,
				2E0B0876126FE7EE000869A6 /* BrandSearchResult.m in Sources */,
				2E0B0877126FE7EE000869A6 /* UserCard.m in Sources */,
				2E0B0878126FE7EE000869A6 /* UserCardSearchResult.m in Sources */,
				2E0B0879126FE7EE000869A6 /* UserBankAccount.m in Sources */,
				2E0B087A126FE7EE000869A6 /* UserBankAccountSearchResult.m in Sources */,
				2E0B087B126FE7EE000869A6 /* PaymentGateway.m in Sources */,
				2E0B087C126FE7EE000869A6 /* PaymentGatewaySearchResult.m in Sources */,
				2E0B087D126FE7EE000869A6 /* CardTransactionHistory.m in Sources */,
				2E0B087E126FE7EE000869A6 /* CardTransactionHistorySearchResult.m in Sources */,
				2E0B087F126FE7EE000869A6 /* CardPayments.m in Sources */,
				2E0B0880126FE7EE000869A6 /* UserPaymentAuthorization.m in Sources */,
				2E0B0881126FE7EE000869A6 /* UserPaymentAuthorizationSearchResult.m in Sources */,
				2E0B0882126FE7EE000869A6 /* AccountInvoice.m in Sources */,
				2E0B0883126FE7EE000869A6 /* AccountInvoicePayment.m in Sources */,
				2E0B0884126FE7EE000869A6 /* AccountInvoicePaymentSearchResult.m in Sources */,
				2E0B0885126FE7EE000869A6 /* AccountInvoiceSearchResult.m in Sources */,
				2E0B0886126FE7EE000869A6 /* BillingRecord.m in Sources */,
				2E0B0887126FE7EE000869A6 /* BillingRecordSearchResult.m in Sources */,
				2E0B0888126FE7EE000869A6 /* Invoice.m in Sources */,
				2E0B0889126FE7EE000869A6 /* UserPayment.m in Sources */,
				2E0B088A126FE7EE000869A6 /* UserPaymentSearchResult.m in Sources */,
				2E0B088B126FE7EE000869A6 /* Plan.m in Sources */,
				2E0B088C126FE7EE000869A6 /* PlanRC.m in Sources */,
				2E0B088D126FE7EE000869A6 /* PlanRCSearchResult.m in Sources */,
				2E0B088E126FE7EE000869A6 /* Plans.m in Sources */,
				2E0B088F126FE7EE000869A6 /* PlanSearchResult.m in Sources */,
				2E0B0890126FE7EE000869A6 /* BrandProduct.m in Sources */,
				2E0B0891126FE7EE000869A6 /* BrandProductBaserate.m in Sources */,
				2E0B0892126FE7EE000869A6 /* BrandProductBaserateSearchResult.m in Sources */,
				2E0B0893126FE7EE000869A6 /* BrandProductSchedule.m in Sources */,
				2E0B0894126FE7EE000869A6 /* BrandProductScheduleSearchResult.m in Sources */,
				2E0B0895126FE7EE000869A6 /* BrandProductSearchResult.m in Sources */,
				2E0B0896126FE7EE000869A6 /* BrandService.m in Sources */,
				2E0B0897126FE7EE000869A6 /* BrandServices.m in Sources */,
				2E0B0898126FE7EE000869A6 /* BrandServiceSearchResult.m in Sources */,
				2E0B0899126FE7EE000869A6 /* ChargeTypeOperation.m in Sources */,
				2E0B089A126FE7EE000869A6 /* BrandProductPrice.m in Sources */,
				2E0B089B126FE7EE000869A6 /* BrandProductPlanPrice.m in Sources */,
				2E0B089C126FE7EE000869A6 /* BrandProductPriceSearchResult.m in Sources */,
				2E0B089D126FE7EE000869A6 /* BrandProductPlanPriceSearchResult.m in Sources */,
				2E0B089E126FE7EE000869A6 /* Transactions.m in Sources */,
				2E0B089F126FE7EE000869A6 /* TransactionDetailRecord.m in Sources */,
				2E0B08A0126FE7EE000869A6 /* TransactionDetailRecordSearchResult.m in Sources */,
				2E0B08A1126FE7EE000869A6 /* NetmoboFeefactorModel.m in Sources */,
			);
			runOnlyForDeploymentPostprocessing = 0;
		};
/* End PBXSourcesBuildPhase section */

/* Begin XCBuildConfiguration section */
		1D6058940D05DD3E006BFB54 /* Debug */ = {
			isa = XCBuildConfiguration;
			buildSettings = {
				ALWAYS_SEARCH_USER_PATHS = NO;
				COPY_PHASE_STRIP = NO;
				GCC_DYNAMIC_NO_PIC = NO;
				GCC_OPTIMIZATION_LEVEL = 0;
				GCC_PRECOMPILE_PREFIX_HEADER = YES;
				GCC_PREFIX_HEADER = FeeFactorClientLib_src_Prefix.pch;
				INFOPLIST_FILE = "FeeFactorClientLib_src-Info.plist";
				PRODUCT_NAME = FeeFactorClientLib_src;
			};
			name = Debug;
		};
		1D6058950D05DD3E006BFB54 /* Release */ = {
			isa = XCBuildConfiguration;
			buildSettings = {
				ALWAYS_SEARCH_USER_PATHS = NO;
				COPY_PHASE_STRIP = YES;
				GCC_PRECOMPILE_PREFIX_HEADER = YES;
				GCC_PREFIX_HEADER = FeeFactorClientLib_src_Prefix.pch;
				INFOPLIST_FILE = "FeeFactorClientLib_src-Info.plist";
				PRODUCT_NAME = FeeFactorClientLib_src;
				VALIDATE_PRODUCT = YES;
			};
			name = Release;
		};
		C01FCF4F08A954540054247B /* Debug */ = {
			isa = XCBuildConfiguration;
			buildSettings = {
				ARCHS = "$(ARCHS_STANDARD_32_BIT)";
				"CODE_SIGN_IDENTITY[sdk=iphoneos*]" = "iPhone Developer";
				GCC_C_LANGUAGE_STANDARD = c99;
				GCC_WARN_ABOUT_RETURN_TYPE = YES;
				GCC_WARN_UNUSED_VARIABLE = YES;
				IPHONEOS_DEPLOYMENT_TARGET = 3.0;
				PREBINDING = NO;
				SDKROOT = iphoneos4.0;
			};
			name = Debug;
		};
		C01FCF5008A954540054247B /* Release */ = {
			isa = XCBuildConfiguration;
			buildSettings = {
				ARCHS = "$(ARCHS_STANDARD_32_BIT)";
				"CODE_SIGN_IDENTITY[sdk=iphoneos*]" = "iPhone Developer";
				GCC_C_LANGUAGE_STANDARD = c99;
				GCC_WARN_ABOUT_RETURN_TYPE = YES;
				GCC_WARN_UNUSED_VARIABLE = YES;
				IPHONEOS_DEPLOYMENT_TARGET = 3.0;
				OTHER_CFLAGS = "-DNS_BLOCK_ASSERTIONS=1";
				PREBINDING = NO;
				SDKROOT = iphoneos4.0;
			};
			name = Release;
		};
/* End XCBuildConfiguration section */

/* Begin XCConfigurationList section */
		1D6058960D05DD3E006BFB54 /* Build configuration list for PBXNativeTarget "FeeFactorClientLib_src" */ = {
			isa = XCConfigurationList;
			buildConfigurations = (
				1D6058940D05DD3E006BFB54 /* Debug */,
				1D6058950D05DD3E006BFB54 /* Release */,
			);
			defaultConfigurationIsVisible = 0;
			defaultConfigurationName = Release;
		};
		C01FCF4E08A954540054247B /* Build configuration list for PBXProject "FeeFactorClientLib_src" */ = {
			isa = XCConfigurationList;
			buildConfigurations = (
				C01FCF4F08A954540054247B /* Debug */,
				C01FCF5008A954540054247B /* Release */,
			);
			defaultConfigurationIsVisible = 0;
			defaultConfigurationName = Release;
		};
/* End XCConfigurationList section */
	};
	rootObject = 29B97313FDCFA39411CA2CEA /* Project object */;
}
