// !$*UTF8*$!
{
	archiveVersion = 1;
	classes = {
	};
	objectVersion = 45;
	objects = {

/* Begin PBXBuildFile section */
		1D60589B0D05DD56006BFB54 /* main.m in Sources */ = {isa = PBXBuildFile; fileRef = 29B97316FDCFA39411CA2CEA /* main.m */; };
		1D60589F0D05DD5A006BFB54 /* Foundation.framework in Frameworks */ = {isa = PBXBuildFile; fileRef = 1D30AB110D05D00D00671497 /* Foundation.framework */; };
		1DF5F4E00D08C38300B7A737 /* UIKit.framework in Frameworks */ = {isa = PBXBuildFile; fileRef = 1DF5F4DF0D08C38300B7A737 /* UIKit.framework */; };
		288765A50DF7441C002DB57D /* CoreGraphics.framework in Frameworks */ = {isa = PBXBuildFile; fileRef = 288765A40DF7441C002DB57D /* CoreGraphics.framework */; };
		2899E5220DE3E06400AC0155 /* FeeFactorClientLib_hViewController.xib in Resources */ = {isa = PBXBuildFile; fileRef = 2899E5210DE3E06400AC0155 /* FeeFactorClientLib_hViewController.xib */; };
		28AD733F0D9D9553002E5188 /* MainWindow.xib in Resources */ = {isa = PBXBuildFile; fileRef = 28AD733E0D9D9553002E5188 /* MainWindow.xib */; };
		2E85A60F126FF25800827D9A /* libNetmobo.a in Frameworks */ = {isa = PBXBuildFile; fileRef = 2E85A60E126FF25800827D9A /* libNetmobo.a */; };
/* End PBXBuildFile section */

/* Begin PBXFileReference section */
		1D30AB110D05D00D00671497 /* Foundation.framework */ = {isa = PBXFileReference; lastKnownFileType = wrapper.framework; name = Foundation.framework; path = System/Library/Frameworks/Foundation.framework; sourceTree = SDKROOT; };
		1D6058910D05DD3D006BFB54 /* FeeFactorClientLib_h.app */ = {isa = PBXFileReference; explicitFileType = wrapper.application; includeInIndex = 0; path = FeeFactorClientLib_h.app; sourceTree = BUILT_PRODUCTS_DIR; };
		1DF5F4DF0D08C38300B7A737 /* UIKit.framework */ = {isa = PBXFileReference; lastKnownFileType = wrapper.framework; name = UIKit.framework; path = System/Library/Frameworks/UIKit.framework; sourceTree = SDKROOT; };
		288765A40DF7441C002DB57D /* CoreGraphics.framework */ = {isa = PBXFileReference; lastKnownFileType = wrapper.framework; name = CoreGraphics.framework; path = System/Library/Frameworks/CoreGraphics.framework; sourceTree = SDKROOT; };
		2899E5210DE3E06400AC0155 /* FeeFactorClientLib_hViewController.xib */ = {isa = PBXFileReference; lastKnownFileType = file.xib; path = FeeFactorClientLib_hViewController.xib; sourceTree = "<group>"; };
		28AD733E0D9D9553002E5188 /* MainWindow.xib */ = {isa = PBXFileReference; lastKnownFileType = file.xib; path = MainWindow.xib; sourceTree = "<group>"; };
		29B97316FDCFA39411CA2CEA /* main.m */ = {isa = PBXFileReference; fileEncoding = 4; lastKnownFileType = sourcecode.c.objc; path = main.m; sourceTree = "<group>"; };
		2E85A60E126FF25800827D9A /* libNetmobo.a */ = {isa = PBXFileReference; lastKnownFileType = archive.ar; path = libNetmobo.a; sourceTree = "<group>"; };
		2E85A617126FF26B00827D9A /* NetmoboFeefactorModel.h */ = {isa = PBXFileReference; fileEncoding = 4; lastKnownFileType = sourcecode.c.h; path = NetmoboFeefactorModel.h; sourceTree = "<group>"; };
		2E85A61A126FF26B00827D9A /* Transactions.h */ = {isa = PBXFileReference; fileEncoding = 4; lastKnownFileType = sourcecode.c.h; path = Transactions.h; sourceTree = "<group>"; };
		2E85A61B126FF26B00827D9A /* TransactionDetailRecord.h */ = {isa = PBXFileReference; fileEncoding = 4; lastKnownFileType = sourcecode.c.h; path = TransactionDetailRecord.h; sourceTree = "<group>"; };
		2E85A61C126FF26B00827D9A /* TransactionDetailRecordSearchResult.h */ = {isa = PBXFileReference; fileEncoding = 4; lastKnownFileType = sourcecode.c.h; path = TransactionDetailRecordSearchResult.h; sourceTree = "<group>"; };
		2E85A61E126FF26B00827D9A /* BrandProduct.h */ = {isa = PBXFileReference; fileEncoding = 4; lastKnownFileType = sourcecode.c.h; path = BrandProduct.h; sourceTree = "<group>"; };
		2E85A61F126FF26B00827D9A /* BrandProductBaserate.h */ = {isa = PBXFileReference; fileEncoding = 4; lastKnownFileType = sourcecode.c.h; path = BrandProductBaserate.h; sourceTree = "<group>"; };
		2E85A620126FF26B00827D9A /* BrandProductBaserateSearchResult.h */ = {isa = PBXFileReference; fileEncoding = 4; lastKnownFileType = sourcecode.c.h; path = BrandProductBaserateSearchResult.h; sourceTree = "<group>"; };
		2E85A621126FF26B00827D9A /* BrandProductSchedule.h */ = {isa = PBXFileReference; fileEncoding = 4; lastKnownFileType = sourcecode.c.h; path = BrandProductSchedule.h; sourceTree = "<group>"; };
		2E85A622126FF26B00827D9A /* BrandProductScheduleSearchResult.h */ = {isa = PBXFileReference; fileEncoding = 4; lastKnownFileType = sourcecode.c.h; path = BrandProductScheduleSearchResult.h; sourceTree = "<group>"; };
		2E85A623126FF26B00827D9A /* BrandProductSearchResult.h */ = {isa = PBXFileReference; fileEncoding = 4; lastKnownFileType = sourcecode.c.h; path = BrandProductSearchResult.h; sourceTree = "<group>"; };
		2E85A624126FF26B00827D9A /* BrandService.h */ = {isa = PBXFileReference; fileEncoding = 4; lastKnownFileType = sourcecode.c.h; path = BrandService.h; sourceTree = "<group>"; };
		2E85A625126FF26B00827D9A /* BrandServices.h */ = {isa = PBXFileReference; fileEncoding = 4; lastKnownFileType = sourcecode.c.h; path = BrandServices.h; sourceTree = "<group>"; };
		2E85A626126FF26B00827D9A /* BrandServiceSearchResult.h */ = {isa = PBXFileReference; fileEncoding = 4; lastKnownFileType = sourcecode.c.h; path = BrandServiceSearchResult.h; sourceTree = "<group>"; };
		2E85A627126FF26B00827D9A /* ChargeTypeOperation.h */ = {isa = PBXFileReference; fileEncoding = 4; lastKnownFileType = sourcecode.c.h; path = ChargeTypeOperation.h; sourceTree = "<group>"; };
		2E85A628126FF26B00827D9A /* BrandProductPrice.h */ = {isa = PBXFileReference; fileEncoding = 4; lastKnownFileType = sourcecode.c.h; path = BrandProductPrice.h; sourceTree = "<group>"; };
		2E85A629126FF26B00827D9A /* BrandProductPlanPrice.h */ = {isa = PBXFileReference; fileEncoding = 4; lastKnownFileType = sourcecode.c.h; path = BrandProductPlanPrice.h; sourceTree = "<group>"; };
		2E85A62A126FF26B00827D9A /* BrandProductPriceSearchResult.h */ = {isa = PBXFileReference; fileEncoding = 4; lastKnownFileType = sourcecode.c.h; path = BrandProductPriceSearchResult.h; sourceTree = "<group>"; };
		2E85A62B126FF26B00827D9A /* BrandProductPlanPriceSearchResult.h */ = {isa = PBXFileReference; fileEncoding = 4; lastKnownFileType = sourcecode.c.h; path = BrandProductPlanPriceSearchResult.h; sourceTree = "<group>"; };
		2E85A62D126FF26B00827D9A /* Plan.h */ = {isa = PBXFileReference; fileEncoding = 4; lastKnownFileType = sourcecode.c.h; path = Plan.h; sourceTree = "<group>"; };
		2E85A62E126FF26C00827D9A /* PlanRC.h */ = {isa = PBXFileReference; fileEncoding = 4; lastKnownFileType = sourcecode.c.h; path = PlanRC.h; sourceTree = "<group>"; };
		2E85A62F126FF26C00827D9A /* PlanRCSearchResult.h */ = {isa = PBXFileReference; fileEncoding = 4; lastKnownFileType = sourcecode.c.h; path = PlanRCSearchResult.h; sourceTree = "<group>"; };
		2E85A630126FF26C00827D9A /* Plans.h */ = {isa = PBXFileReference; fileEncoding = 4; lastKnownFileType = sourcecode.c.h; path = Plans.h; sourceTree = "<group>"; };
		2E85A631126FF26C00827D9A /* PlanSearchResult.h */ = {isa = PBXFileReference; fileEncoding = 4; lastKnownFileType = sourcecode.c.h; path = PlanSearchResult.h; sourceTree = "<group>"; };
		2E85A633126FF26C00827D9A /* AccountInvoice.h */ = {isa = PBXFileReference; fileEncoding = 4; lastKnownFileType = sourcecode.c.h; path = AccountInvoice.h; sourceTree = "<group>"; };
		2E85A634126FF26C00827D9A /* AccountInvoicePayment.h */ = {isa = PBXFileReference; fileEncoding = 4; lastKnownFileType = sourcecode.c.h; path = AccountInvoicePayment.h; sourceTree = "<group>"; };
		2E85A635126FF26C00827D9A /* AccountInvoicePaymentSearchResult.h */ = {isa = PBXFileReference; fileEncoding = 4; lastKnownFileType = sourcecode.c.h; path = AccountInvoicePaymentSearchResult.h; sourceTree = "<group>"; };
		2E85A636126FF26C00827D9A /* AccountInvoiceSearchResult.h */ = {isa = PBXFileReference; fileEncoding = 4; lastKnownFileType = sourcecode.c.h; path = AccountInvoiceSearchResult.h; sourceTree = "<group>"; };
		2E85A637126FF26C00827D9A /* BillingRecord.h */ = {isa = PBXFileReference; fileEncoding = 4; lastKnownFileType = sourcecode.c.h; path = BillingRecord.h; sourceTree = "<group>"; };
		2E85A638126FF26C00827D9A /* BillingRecordSearchResult.h */ = {isa = PBXFileReference; fileEncoding = 4; lastKnownFileType = sourcecode.c.h; path = BillingRecordSearchResult.h; sourceTree = "<group>"; };
		2E85A639126FF26C00827D9A /* Invoice.h */ = {isa = PBXFileReference; fileEncoding = 4; lastKnownFileType = sourcecode.c.h; path = Invoice.h; sourceTree = "<group>"; };
		2E85A63A126FF26C00827D9A /* UserPayment.h */ = {isa = PBXFileReference; fileEncoding = 4; lastKnownFileType = sourcecode.c.h; path = UserPayment.h; sourceTree = "<group>"; };
		2E85A63B126FF26C00827D9A /* UserPaymentSearchResult.h */ = {isa = PBXFileReference; fileEncoding = 4; lastKnownFileType = sourcecode.c.h; path = UserPaymentSearchResult.h; sourceTree = "<group>"; };
		2E85A63D126FF26C00827D9A /* UserCard.h */ = {isa = PBXFileReference; fileEncoding = 4; lastKnownFileType = sourcecode.c.h; path = UserCard.h; sourceTree = "<group>"; };
		2E85A63E126FF26C00827D9A /* UserCardSearchResult.h */ = {isa = PBXFileReference; fileEncoding = 4; lastKnownFileType = sourcecode.c.h; path = UserCardSearchResult.h; sourceTree = "<group>"; };
		2E85A63F126FF26C00827D9A /* UserBankAccount.h */ = {isa = PBXFileReference; fileEncoding = 4; lastKnownFileType = sourcecode.c.h; path = UserBankAccount.h; sourceTree = "<group>"; };
		2E85A640126FF26C00827D9A /* UserBankAccountSearchResult.h */ = {isa = PBXFileReference; fileEncoding = 4; lastKnownFileType = sourcecode.c.h; path = UserBankAccountSearchResult.h; sourceTree = "<group>"; };
		2E85A641126FF26C00827D9A /* PaymentGateway.h */ = {isa = PBXFileReference; fileEncoding = 4; lastKnownFileType = sourcecode.c.h; path = PaymentGateway.h; sourceTree = "<group>"; };
		2E85A642126FF26C00827D9A /* PaymentGatewaySearchResult.h */ = {isa = PBXFileReference; fileEncoding = 4; lastKnownFileType = sourcecode.c.h; path = PaymentGatewaySearchResult.h; sourceTree = "<group>"; };
		2E85A643126FF26C00827D9A /* CardTransactionHistory.h */ = {isa = PBXFileReference; fileEncoding = 4; lastKnownFileType = sourcecode.c.h; path = CardTransactionHistory.h; sourceTree = "<group>"; };
		2E85A644126FF26C00827D9A /* CardTransactionHistorySearchResult.h */ = {isa = PBXFileReference; fileEncoding = 4; lastKnownFileType = sourcecode.c.h; path = CardTransactionHistorySearchResult.h; sourceTree = "<group>"; };
		2E85A645126FF26C00827D9A /* CardPayments.h */ = {isa = PBXFileReference; fileEncoding = 4; lastKnownFileType = sourcecode.c.h; path = CardPayments.h; sourceTree = "<group>"; };
		2E85A646126FF26C00827D9A /* UserPaymentAuthorization.h */ = {isa = PBXFileReference; fileEncoding = 4; lastKnownFileType = sourcecode.c.h; path = UserPaymentAuthorization.h; sourceTree = "<group>"; };
		2E85A647126FF26C00827D9A /* UserPaymentAuthorizationSearchResult.h */ = {isa = PBXFileReference; fileEncoding = 4; lastKnownFileType = sourcecode.c.h; path = UserPaymentAuthorizationSearchResult.h; sourceTree = "<group>"; };
		2E85A649126FF26C00827D9A /* Brands.h */ = {isa = PBXFileReference; fileEncoding = 4; lastKnownFileType = sourcecode.c.h; path = Brands.h; sourceTree = "<group>"; };
		2E85A64A126FF26C00827D9A /* CurrencySearchResult.h */ = {isa = PBXFileReference; fileEncoding = 4; lastKnownFileType = sourcecode.c.h; path = CurrencySearchResult.h; sourceTree = "<group>"; };
		2E85A64B126FF26C00827D9A /* ExchangeRateSearchResult.h */ = {isa = PBXFileReference; fileEncoding = 4; lastKnownFileType = sourcecode.c.h; path = ExchangeRateSearchResult.h; sourceTree = "<group>"; };
		2E85A64C126FF26C00827D9A /* Brand.h */ = {isa = PBXFileReference; fileEncoding = 4; lastKnownFileType = sourcecode.c.h; path = Brand.h; sourceTree = "<group>"; };
		2E85A64D126FF26C00827D9A /* Currency.h */ = {isa = PBXFileReference; fileEncoding = 4; lastKnownFileType = sourcecode.c.h; path = Currency.h; sourceTree = "<group>"; };
		2E85A64E126FF26C00827D9A /* ExchangeRate.h */ = {isa = PBXFileReference; fileEncoding = 4; lastKnownFileType = sourcecode.c.h; path = ExchangeRate.h; sourceTree = "<group>"; };
		2E85A64F126FF26C00827D9A /* BrandProfile.h */ = {isa = PBXFileReference; fileEncoding = 4; lastKnownFileType = sourcecode.c.h; path = BrandProfile.h; sourceTree = "<group>"; };
		2E85A650126FF26C00827D9A /* BrandSearchResult.h */ = {isa = PBXFileReference; fileEncoding = 4; lastKnownFileType = sourcecode.c.h; path = BrandSearchResult.h; sourceTree = "<group>"; };
		2E85A652126FF26C00827D9A /* AccountHistory.h */ = {isa = PBXFileReference; fileEncoding = 4; lastKnownFileType = sourcecode.c.h; path = AccountHistory.h; sourceTree = "<group>"; };
		2E85A653126FF26C00827D9A /* AccountHistorySearchResult.h */ = {isa = PBXFileReference; fileEncoding = 4; lastKnownFileType = sourcecode.c.h; path = AccountHistorySearchResult.h; sourceTree = "<group>"; };
		2E85A654126FF26C00827D9A /* Accounts.h */ = {isa = PBXFileReference; fileEncoding = 4; lastKnownFileType = sourcecode.c.h; path = Accounts.h; sourceTree = "<group>"; };
		2E85A655126FF26C00827D9A /* Account.h */ = {isa = PBXFileReference; fileEncoding = 4; lastKnownFileType = sourcecode.c.h; path = Account.h; sourceTree = "<group>"; };
		2E85A656126FF26C00827D9A /* AccountPlan.h */ = {isa = PBXFileReference; fileEncoding = 4; lastKnownFileType = sourcecode.c.h; path = AccountPlan.h; sourceTree = "<group>"; };
		2E85A657126FF26C00827D9A /* AccountRC.h */ = {isa = PBXFileReference; fileEncoding = 4; lastKnownFileType = sourcecode.c.h; path = AccountRC.h; sourceTree = "<group>"; };
		2E85A658126FF26C00827D9A /* AccountRCActivityLog.h */ = {isa = PBXFileReference; fileEncoding = 4; lastKnownFileType = sourcecode.c.h; path = AccountRCActivityLog.h; sourceTree = "<group>"; };
		2E85A659126FF26C00827D9A /* AccountPlanSearchResult.h */ = {isa = PBXFileReference; fileEncoding = 4; lastKnownFileType = sourcecode.c.h; path = AccountPlanSearchResult.h; sourceTree = "<group>"; };
		2E85A65A126FF26C00827D9A /* AccountRCSearchResult.h */ = {isa = PBXFileReference; fileEncoding = 4; lastKnownFileType = sourcecode.c.h; path = AccountRCSearchResult.h; sourceTree = "<group>"; };
		2E85A65B126FF26C00827D9A /* AccountRCSetting.h */ = {isa = PBXFileReference; fileEncoding = 4; lastKnownFileType = sourcecode.c.h; path = AccountRCSetting.h; sourceTree = "<group>"; };
		2E85A65C126FF26C00827D9A /* AccountSearchResult.h */ = {isa = PBXFileReference; fileEncoding = 4; lastKnownFileType = sourcecode.c.h; path = AccountSearchResult.h; sourceTree = "<group>"; };
		2E85A65D126FF26C00827D9A /* AccountDevice.h */ = {isa = PBXFileReference; fileEncoding = 4; lastKnownFileType = sourcecode.c.h; path = AccountDevice.h; sourceTree = "<group>"; };
		2E85A65E126FF26C00827D9A /* AccountDeviceSearchResult.h */ = {isa = PBXFileReference; fileEncoding = 4; lastKnownFileType = sourcecode.c.h; path = AccountDeviceSearchResult.h; sourceTree = "<group>"; };
		2E85A660126FF26C00827D9A /* User.h */ = {isa = PBXFileReference; fileEncoding = 4; lastKnownFileType = sourcecode.c.h; path = User.h; sourceTree = "<group>"; };
		2E85A661126FF26C00827D9A /* Profile.h */ = {isa = PBXFileReference; fileEncoding = 4; lastKnownFileType = sourcecode.c.h; path = Profile.h; sourceTree = "<group>"; };
		2E85A662126FF26C00827D9A /* UserQuestion.h */ = {isa = PBXFileReference; fileEncoding = 4; lastKnownFileType = sourcecode.c.h; path = UserQuestion.h; sourceTree = "<group>"; };
		2E85A663126FF26C00827D9A /* UserQuestionSearchResult.h */ = {isa = PBXFileReference; fileEncoding = 4; lastKnownFileType = sourcecode.c.h; path = UserQuestionSearchResult.h; sourceTree = "<group>"; };
		2E85A664126FF26C00827D9A /* Users.h */ = {isa = PBXFileReference; fileEncoding = 4; lastKnownFileType = sourcecode.c.h; path = Users.h; sourceTree = "<group>"; };
		2E85A665126FF26C00827D9A /* UserSearchResult.h */ = {isa = PBXFileReference; fileEncoding = 4; lastKnownFileType = sourcecode.c.h; path = UserSearchResult.h; sourceTree = "<group>"; };
		2E85A666126FF26C00827D9A /* SelfSignUp.h */ = {isa = PBXFileReference; fileEncoding = 4; lastKnownFileType = sourcecode.c.h; path = SelfSignUp.h; sourceTree = "<group>"; };
		2E85A667126FF26C00827D9A /* Image.h */ = {isa = PBXFileReference; fileEncoding = 4; lastKnownFileType = sourcecode.c.h; path = Image.h; sourceTree = "<group>"; };
		2E85A66A126FF26C00827D9A /* XmlParser.h */ = {isa = PBXFileReference; fileEncoding = 4; lastKnownFileType = sourcecode.c.h; path = XmlParser.h; sourceTree = "<group>"; };
		2E85A66B126FF26C00827D9A /* TypeMapping.h */ = {isa = PBXFileReference; fileEncoding = 4; lastKnownFileType = sourcecode.c.h; path = TypeMapping.h; sourceTree = "<group>"; };
		2E85A66C126FF26C00827D9A /* GDataXMLNode.h */ = {isa = PBXFileReference; fileEncoding = 4; lastKnownFileType = sourcecode.c.h; path = GDataXMLNode.h; sourceTree = "<group>"; };
		2E85A66D126FF26C00827D9A /* Util.h */ = {isa = PBXFileReference; fileEncoding = 4; lastKnownFileType = sourcecode.c.h; path = Util.h; sourceTree = "<group>"; };
		2E85A66F126FF26C00827D9A /* RestTransport3.h */ = {isa = PBXFileReference; fileEncoding = 4; lastKnownFileType = sourcecode.c.h; path = RestTransport3.h; sourceTree = "<group>"; };
		2E85A670126FF26C00827D9A /* XmlHeaderHelper.h */ = {isa = PBXFileReference; fileEncoding = 4; lastKnownFileType = sourcecode.c.h; path = XmlHeaderHelper.h; sourceTree = "<group>"; };
		32CA4F630368D1EE00C91783 /* FeeFactorClientLib_h_Prefix.pch */ = {isa = PBXFileReference; fileEncoding = 4; lastKnownFileType = sourcecode.c.h; path = FeeFactorClientLib_h_Prefix.pch; sourceTree = "<group>"; };
		8D1107310486CEB800E47090 /* FeeFactorClientLib_h-Info.plist */ = {isa = PBXFileReference; fileEncoding = 4; lastKnownFileType = text.plist.xml; path = "FeeFactorClientLib_h-Info.plist"; plistStructureDefinitionIdentifier = "com.apple.xcode.plist.structure-definition.iphone.info-plist"; sourceTree = "<group>"; };
/* End PBXFileReference section */

/* Begin PBXFrameworksBuildPhase section */
		1D60588F0D05DD3D006BFB54 /* Frameworks */ = {
			isa = PBXFrameworksBuildPhase;
			buildActionMask = 2147483647;
			files = (
				1D60589F0D05DD5A006BFB54 /* Foundation.framework in Frameworks */,
				1DF5F4E00D08C38300B7A737 /* UIKit.framework in Frameworks */,
				288765A50DF7441C002DB57D /* CoreGraphics.framework in Frameworks */,
				2E85A60F126FF25800827D9A /* libNetmobo.a in Frameworks */,
			);
			runOnlyForDeploymentPostprocessing = 0;
		};
/* End PBXFrameworksBuildPhase section */

/* Begin PBXGroup section */
		080E96DDFE201D6D7F000001 /* Classes */ = {
			isa = PBXGroup;
			children = (
			);
			path = Classes;
			sourceTree = "<group>";
		};
		19C28FACFE9D520D11CA2CBB /* Products */ = {
			isa = PBXGroup;
			children = (
				1D6058910D05DD3D006BFB54 /* FeeFactorClientLib_h.app */,
			);
			name = Products;
			sourceTree = "<group>";
		};
		29B97314FDCFA39411CA2CEA /* CustomTemplate */ = {
			isa = PBXGroup;
			children = (
				2E85A616126FF26B00827D9A /* Feefactor Libe */,
				080E96DDFE201D6D7F000001 /* Classes */,
				29B97315FDCFA39411CA2CEA /* Other Sources */,
				29B97317FDCFA39411CA2CEA /* Resources */,
				29B97323FDCFA39411CA2CEA /* Frameworks */,
				19C28FACFE9D520D11CA2CBB /* Products */,
			);
			name = CustomTemplate;
			sourceTree = "<group>";
		};
		29B97315FDCFA39411CA2CEA /* Other Sources */ = {
			isa = PBXGroup;
			children = (
				32CA4F630368D1EE00C91783 /* FeeFactorClientLib_h_Prefix.pch */,
				29B97316FDCFA39411CA2CEA /* main.m */,
			);
			name = "Other Sources";
			sourceTree = "<group>";
		};
		29B97317FDCFA39411CA2CEA /* Resources */ = {
			isa = PBXGroup;
			children = (
				2899E5210DE3E06400AC0155 /* FeeFactorClientLib_hViewController.xib */,
				28AD733E0D9D9553002E5188 /* MainWindow.xib */,
				8D1107310486CEB800E47090 /* FeeFactorClientLib_h-Info.plist */,
			);
			name = Resources;
			sourceTree = "<group>";
		};
		29B97323FDCFA39411CA2CEA /* Frameworks */ = {
			isa = PBXGroup;
			children = (
				2E85A60E126FF25800827D9A /* libNetmobo.a */,
				1DF5F4DF0D08C38300B7A737 /* UIKit.framework */,
				1D30AB110D05D00D00671497 /* Foundation.framework */,
				288765A40DF7441C002DB57D /* CoreGraphics.framework */,
			);
			name = Frameworks;
			sourceTree = "<group>";
		};
		2E85A616126FF26B00827D9A /* Feefactor Libe */ = {
			isa = PBXGroup;
			children = (
				2E85A668126FF26C00827D9A /* REST_XML_API */,
				2E85A618126FF26B00827D9A /* FeeFactor_API */,
				2E85A617126FF26B00827D9A /* NetmoboFeefactorModel.h */,
			);
			name = "Feefactor Libe";
			sourceTree = "<group>";
		};
		2E85A618126FF26B00827D9A /* FeeFactor_API */ = {
			isa = PBXGroup;
			children = (
				2E85A65F126FF26C00827D9A /* Users */,
				2E85A651126FF26C00827D9A /* Accounts */,
				2E85A648126FF26C00827D9A /* Brands */,
				2E85A63C126FF26C00827D9A /* Cardpayments */,
				2E85A632126FF26C00827D9A /* Invoices */,
				2E85A62C126FF26B00827D9A /* Plans */,
				2E85A61D126FF26B00827D9A /* Services */,
				2E85A619126FF26B00827D9A /* Transactions */,
			);
			name = FeeFactor_API;
			sourceTree = "<group>";
		};
		2E85A619126FF26B00827D9A /* Transactions */ = {
			isa = PBXGroup;
			children = (
				2E85A61A126FF26B00827D9A /* Transactions.h */,
				2E85A61B126FF26B00827D9A /* TransactionDetailRecord.h */,
				2E85A61C126FF26B00827D9A /* TransactionDetailRecordSearchResult.h */,
			);
			name = Transactions;
			sourceTree = "<group>";
		};
		2E85A61D126FF26B00827D9A /* Services */ = {
			isa = PBXGroup;
			children = (
				2E85A61E126FF26B00827D9A /* BrandProduct.h */,
				2E85A61F126FF26B00827D9A /* BrandProductBaserate.h */,
				2E85A620126FF26B00827D9A /* BrandProductBaserateSearchResult.h */,
				2E85A621126FF26B00827D9A /* BrandProductSchedule.h */,
				2E85A622126FF26B00827D9A /* BrandProductScheduleSearchResult.h */,
				2E85A623126FF26B00827D9A /* BrandProductSearchResult.h */,
				2E85A624126FF26B00827D9A /* BrandService.h */,
				2E85A625126FF26B00827D9A /* BrandServices.h */,
				2E85A626126FF26B00827D9A /* BrandServiceSearchResult.h */,
				2E85A627126FF26B00827D9A /* ChargeTypeOperation.h */,
				2E85A628126FF26B00827D9A /* BrandProductPrice.h */,
				2E85A629126FF26B00827D9A /* BrandProductPlanPrice.h */,
				2E85A62A126FF26B00827D9A /* BrandProductPriceSearchResult.h */,
				2E85A62B126FF26B00827D9A /* BrandProductPlanPriceSearchResult.h */,
			);
			name = Services;
			sourceTree = "<group>";
		};
		2E85A62C126FF26B00827D9A /* Plans */ = {
			isa = PBXGroup;
			children = (
				2E85A62D126FF26B00827D9A /* Plan.h */,
				2E85A62E126FF26C00827D9A /* PlanRC.h */,
				2E85A62F126FF26C00827D9A /* PlanRCSearchResult.h */,
				2E85A630126FF26C00827D9A /* Plans.h */,
				2E85A631126FF26C00827D9A /* PlanSearchResult.h */,
			);
			name = Plans;
			sourceTree = "<group>";
		};
		2E85A632126FF26C00827D9A /* Invoices */ = {
			isa = PBXGroup;
			children = (
				2E85A633126FF26C00827D9A /* AccountInvoice.h */,
				2E85A634126FF26C00827D9A /* AccountInvoicePayment.h */,
				2E85A635126FF26C00827D9A /* AccountInvoicePaymentSearchResult.h */,
				2E85A636126FF26C00827D9A /* AccountInvoiceSearchResult.h */,
				2E85A637126FF26C00827D9A /* BillingRecord.h */,
				2E85A638126FF26C00827D9A /* BillingRecordSearchResult.h */,
				2E85A639126FF26C00827D9A /* Invoice.h */,
				2E85A63A126FF26C00827D9A /* UserPayment.h */,
				2E85A63B126FF26C00827D9A /* UserPaymentSearchResult.h */,
			);
			name = Invoices;
			sourceTree = "<group>";
		};
		2E85A63C126FF26C00827D9A /* Cardpayments */ = {
			isa = PBXGroup;
			children = (
				2E85A63D126FF26C00827D9A /* UserCard.h */,
				2E85A63E126FF26C00827D9A /* UserCardSearchResult.h */,
				2E85A63F126FF26C00827D9A /* UserBankAccount.h */,
				2E85A640126FF26C00827D9A /* UserBankAccountSearchResult.h */,
				2E85A641126FF26C00827D9A /* PaymentGateway.h */,
				2E85A642126FF26C00827D9A /* PaymentGatewaySearchResult.h */,
				2E85A643126FF26C00827D9A /* CardTransactionHistory.h */,
				2E85A644126FF26C00827D9A /* CardTransactionHistorySearchResult.h */,
				2E85A645126FF26C00827D9A /* CardPayments.h */,
				2E85A646126FF26C00827D9A /* UserPaymentAuthorization.h */,
				2E85A647126FF26C00827D9A /* UserPaymentAuthorizationSearchResult.h */,
			);
			name = Cardpayments;
			sourceTree = "<group>";
		};
		2E85A648126FF26C00827D9A /* Brands */ = {
			isa = PBXGroup;
			children = (
				2E85A649126FF26C00827D9A /* Brands.h */,
				2E85A64A126FF26C00827D9A /* CurrencySearchResult.h */,
				2E85A64B126FF26C00827D9A /* ExchangeRateSearchResult.h */,
				2E85A64C126FF26C00827D9A /* Brand.h */,
				2E85A64D126FF26C00827D9A /* Currency.h */,
				2E85A64E126FF26C00827D9A /* ExchangeRate.h */,
				2E85A64F126FF26C00827D9A /* BrandProfile.h */,
				2E85A650126FF26C00827D9A /* BrandSearchResult.h */,
			);
			name = Brands;
			sourceTree = "<group>";
		};
		2E85A651126FF26C00827D9A /* Accounts */ = {
			isa = PBXGroup;
			children = (
				2E85A652126FF26C00827D9A /* AccountHistory.h */,
				2E85A653126FF26C00827D9A /* AccountHistorySearchResult.h */,
				2E85A654126FF26C00827D9A /* Accounts.h */,
				2E85A655126FF26C00827D9A /* Account.h */,
				2E85A656126FF26C00827D9A /* AccountPlan.h */,
				2E85A657126FF26C00827D9A /* AccountRC.h */,
				2E85A658126FF26C00827D9A /* AccountRCActivityLog.h */,
				2E85A659126FF26C00827D9A /* AccountPlanSearchResult.h */,
				2E85A65A126FF26C00827D9A /* AccountRCSearchResult.h */,
				2E85A65B126FF26C00827D9A /* AccountRCSetting.h */,
				2E85A65C126FF26C00827D9A /* AccountSearchResult.h */,
				2E85A65D126FF26C00827D9A /* AccountDevice.h */,
				2E85A65E126FF26C00827D9A /* AccountDeviceSearchResult.h */,
			);
			name = Accounts;
			sourceTree = "<group>";
		};
		2E85A65F126FF26C00827D9A /* Users */ = {
			isa = PBXGroup;
			children = (
				2E85A660126FF26C00827D9A /* User.h */,
				2E85A661126FF26C00827D9A /* Profile.h */,
				2E85A662126FF26C00827D9A /* UserQuestion.h */,
				2E85A663126FF26C00827D9A /* UserQuestionSearchResult.h */,
				2E85A664126FF26C00827D9A /* Users.h */,
				2E85A665126FF26C00827D9A /* UserSearchResult.h */,
				2E85A666126FF26C00827D9A /* SelfSignUp.h */,
				2E85A667126FF26C00827D9A /* Image.h */,
			);
			name = Users;
			sourceTree = "<group>";
		};
		2E85A668126FF26C00827D9A /* REST_XML_API */ = {
			isa = PBXGroup;
			children = (
				2E85A66E126FF26C00827D9A /* Transport */,
				2E85A669126FF26C00827D9A /* Util */,
			);
			name = REST_XML_API;
			sourceTree = "<group>";
		};
		2E85A669126FF26C00827D9A /* Util */ = {
			isa = PBXGroup;
			children = (
				2E85A66A126FF26C00827D9A /* XmlParser.h */,
				2E85A66B126FF26C00827D9A /* TypeMapping.h */,
				2E85A66C126FF26C00827D9A /* GDataXMLNode.h */,
				2E85A66D126FF26C00827D9A /* Util.h */,
			);
			name = Util;
			sourceTree = "<group>";
		};
		2E85A66E126FF26C00827D9A /* Transport */ = {
			isa = PBXGroup;
			children = (
				2E85A66F126FF26C00827D9A /* RestTransport3.h */,
				2E85A670126FF26C00827D9A /* XmlHeaderHelper.h */,
			);
			name = Transport;
			sourceTree = "<group>";
		};
/* End PBXGroup section */

/* Begin PBXNativeTarget section */
		1D6058900D05DD3D006BFB54 /* FeeFactorClientLib_h */ = {
			isa = PBXNativeTarget;
			buildConfigurationList = 1D6058960D05DD3E006BFB54 /* Build configuration list for PBXNativeTarget "FeeFactorClientLib_h" */;
			buildPhases = (
				1D60588D0D05DD3D006BFB54 /* Resources */,
				1D60588E0D05DD3D006BFB54 /* Sources */,
				1D60588F0D05DD3D006BFB54 /* Frameworks */,
			);
			buildRules = (
			);
			dependencies = (
			);
			name = FeeFactorClientLib_h;
			productName = FeeFactorClientLib_h;
			productReference = 1D6058910D05DD3D006BFB54 /* FeeFactorClientLib_h.app */;
			productType = "com.apple.product-type.application";
		};
/* End PBXNativeTarget section */

/* Begin PBXProject section */
		29B97313FDCFA39411CA2CEA /* Project object */ = {
			isa = PBXProject;
			buildConfigurationList = C01FCF4E08A954540054247B /* Build configuration list for PBXProject "FeeFactorClientLib_h" */;
			compatibilityVersion = "Xcode 3.1";
			hasScannedForEncodings = 1;
			mainGroup = 29B97314FDCFA39411CA2CEA /* CustomTemplate */;
			projectDirPath = "";
			projectRoot = "";
			targets = (
				1D6058900D05DD3D006BFB54 /* FeeFactorClientLib_h */,
			);
		};
/* End PBXProject section */

/* Begin PBXResourcesBuildPhase section */
		1D60588D0D05DD3D006BFB54 /* Resources */ = {
			isa = PBXResourcesBuildPhase;
			buildActionMask = 2147483647;
			files = (
				28AD733F0D9D9553002E5188 /* MainWindow.xib in Resources */,
				2899E5220DE3E06400AC0155 /* FeeFactorClientLib_hViewController.xib in Resources */,
			);
			runOnlyForDeploymentPostprocessing = 0;
		};
/* End PBXResourcesBuildPhase section */

/* Begin PBXSourcesBuildPhase section */
		1D60588E0D05DD3D006BFB54 /* Sources */ = {
			isa = PBXSourcesBuildPhase;
			buildActionMask = 2147483647;
			files = (
				1D60589B0D05DD56006BFB54 /* main.m in Sources */,
			);
			runOnlyForDeploymentPostprocessing = 0;
		};
/* End PBXSourcesBuildPhase section */

/* Begin XCBuildConfiguration section */
		1D6058940D05DD3E006BFB54 /* Debug */ = {
			isa = XCBuildConfiguration;
			buildSettings = {
				ALWAYS_SEARCH_USER_PATHS = NO;
				COPY_PHASE_STRIP = NO;
				GCC_DYNAMIC_NO_PIC = NO;
				GCC_OPTIMIZATION_LEVEL = 0;
				GCC_PRECOMPILE_PREFIX_HEADER = YES;
				GCC_PREFIX_HEADER = FeeFactorClientLib_h_Prefix.pch;
				INFOPLIST_FILE = "FeeFactorClientLib_h-Info.plist";
				LIBRARY_SEARCH_PATHS = (
					"$(inherited)",
					"\"$(SRCROOT)\"",
				);
				PRODUCT_NAME = FeeFactorClientLib_h;
			};
			name = Debug;
		};
		1D6058950D05DD3E006BFB54 /* Release */ = {
			isa = XCBuildConfiguration;
			buildSettings = {
				ALWAYS_SEARCH_USER_PATHS = NO;
				COPY_PHASE_STRIP = YES;
				GCC_PRECOMPILE_PREFIX_HEADER = YES;
				GCC_PREFIX_HEADER = FeeFactorClientLib_h_Prefix.pch;
				INFOPLIST_FILE = "FeeFactorClientLib_h-Info.plist";
				LIBRARY_SEARCH_PATHS = (
					"$(inherited)",
					"\"$(SRCROOT)\"",
				);
				PRODUCT_NAME = FeeFactorClientLib_h;
				VALIDATE_PRODUCT = YES;
			};
			name = Release;
		};
		C01FCF4F08A954540054247B /* Debug */ = {
			isa = XCBuildConfiguration;
			buildSettings = {
				ARCHS = "$(ARCHS_STANDARD_32_BIT)";
				"CODE_SIGN_IDENTITY[sdk=iphoneos*]" = "iPhone Developer";
				GCC_C_LANGUAGE_STANDARD = c99;
				GCC_WARN_ABOUT_RETURN_TYPE = YES;
				GCC_WARN_UNUSED_VARIABLE = YES;
				PREBINDING = NO;
				SDKROOT = iphoneos4.0;
			};
			name = Debug;
		};
		C01FCF5008A954540054247B /* Release */ = {
			isa = XCBuildConfiguration;
			buildSettings = {
				ARCHS = "$(ARCHS_STANDARD_32_BIT)";
				"CODE_SIGN_IDENTITY[sdk=iphoneos*]" = "iPhone Developer";
				GCC_C_LANGUAGE_STANDARD = c99;
				GCC_WARN_ABOUT_RETURN_TYPE = YES;
				GCC_WARN_UNUSED_VARIABLE = YES;
				OTHER_CFLAGS = "-DNS_BLOCK_ASSERTIONS=1";
				PREBINDING = NO;
				SDKROOT = iphoneos4.0;
			};
			name = Release;
		};
/* End XCBuildConfiguration section */

/* Begin XCConfigurationList section */
		1D6058960D05DD3E006BFB54 /* Build configuration list for PBXNativeTarget "FeeFactorClientLib_h" */ = {
			isa = XCConfigurationList;
			buildConfigurations = (
				1D6058940D05DD3E006BFB54 /* Debug */,
				1D6058950D05DD3E006BFB54 /* Release */,
			);
			defaultConfigurationIsVisible = 0;
			defaultConfigurationName = Release;
		};
		C01FCF4E08A954540054247B /* Build configuration list for PBXProject "FeeFactorClientLib_h" */ = {
			isa = XCConfigurationList;
			buildConfigurations = (
				C01FCF4F08A954540054247B /* Debug */,
				C01FCF5008A954540054247B /* Release */,
			);
			defaultConfigurationIsVisible = 0;
			defaultConfigurationName = Release;
		};
/* End XCConfigurationList section */
	};
	rootObject = 29B97313FDCFA39411CA2CEA /* Project object */;
}
